// !$*UTF8*$!
{
	archiveVersion = 1;
	classes = {
	};
	objectVersion = 42;
	objects = {

/* Begin PBXBuildFile section */
		3b8120368b4fccd80883baf3128d1467 /* ofxAssimpAnimation.cpp in Sources */ = {isa = PBXBuildFile; fileRef = 36068d6c1d6d412786a5c4c1868cfb5e /* ofxAssimpAnimation.cpp */; };
		40c55f69f602d3be3d8c040cc46a0d67 /* ofxNI2.cpp in Sources */ = {isa = PBXBuildFile; fileRef = 38ef19efe915639d9cf24e91dd76c493 /* ofxNI2.cpp */; };
		483fa4f6d5fa6422c559b1f561a220b1 /* ofxAssimpMeshHelper.cpp in Sources */ = {isa = PBXBuildFile; fileRef = f67fe68e327befbd4b777571efda413a /* ofxAssimpMeshHelper.cpp */; };
		662EC33C17A68B75007E369D /* IpEndpointName.cpp in Sources */ = {isa = PBXBuildFile; fileRef = 662EC2F117A68B75007E369D /* IpEndpointName.cpp */; };
		662EC33D17A68B75007E369D /* NetworkingUtils.cpp in Sources */ = {isa = PBXBuildFile; fileRef = 662EC2F617A68B75007E369D /* NetworkingUtils.cpp */; };
		662EC33E17A68B75007E369D /* UdpSocket.cpp in Sources */ = {isa = PBXBuildFile; fileRef = 662EC2F717A68B75007E369D /* UdpSocket.cpp */; };
		662EC33F17A68B75007E369D /* NetworkingUtilsWin.cpp in Sources */ = {isa = PBXBuildFile; fileRef = 662EC2FB17A68B75007E369D /* NetworkingUtilsWin.cpp */; };
		662EC34017A68B75007E369D /* UdpSocketWin.cpp in Sources */ = {isa = PBXBuildFile; fileRef = 662EC2FC17A68B75007E369D /* UdpSocketWin.cpp */; };
		662EC34117A68B75007E369D /* OscOutboundPacketStream.cpp in Sources */ = {isa = PBXBuildFile; fileRef = 662EC30117A68B75007E369D /* OscOutboundPacketStream.cpp */; };
		662EC34217A68B75007E369D /* OscPrintReceivedElements.cpp in Sources */ = {isa = PBXBuildFile; fileRef = 662EC30417A68B75007E369D /* OscPrintReceivedElements.cpp */; };
		662EC34317A68B75007E369D /* OscReceivedElements.cpp in Sources */ = {isa = PBXBuildFile; fileRef = 662EC30617A68B75007E369D /* OscReceivedElements.cpp */; };
		662EC34417A68B75007E369D /* OscTypes.cpp in Sources */ = {isa = PBXBuildFile; fileRef = 662EC30817A68B75007E369D /* OscTypes.cpp */; };
		662EC34517A68B75007E369D /* ofxOscBundle.cpp in Sources */ = {isa = PBXBuildFile; fileRef = 662EC30D17A68B75007E369D /* ofxOscBundle.cpp */; };
		662EC34617A68B75007E369D /* ofxOscMessage.cpp in Sources */ = {isa = PBXBuildFile; fileRef = 662EC30F17A68B75007E369D /* ofxOscMessage.cpp */; };
		662EC34717A68B75007E369D /* ofxOscReceiver.cpp in Sources */ = {isa = PBXBuildFile; fileRef = 662EC31117A68B75007E369D /* ofxOscReceiver.cpp */; };
		662EC34817A68B75007E369D /* ofxOscSender.cpp in Sources */ = {isa = PBXBuildFile; fileRef = 662EC31317A68B75007E369D /* ofxOscSender.cpp */; };
		662EC34B17A68B75007E369D /* Syphon.framework in Frameworks */ = {isa = PBXBuildFile; fileRef = 662EC32C17A68B75007E369D /* Syphon.framework */; };
		662EC34C17A68B75007E369D /* SyphonNameboundClient.m in Sources */ = {isa = PBXBuildFile; fileRef = 662EC32F17A68B75007E369D /* SyphonNameboundClient.m */; };
		662EC34D17A68B75007E369D /* ofxSyphonClient.mm in Sources */ = {isa = PBXBuildFile; fileRef = 662EC33417A68B75007E369D /* ofxSyphonClient.mm */; };
		662EC34E17A68B75007E369D /* ofxSyphonServer.mm in Sources */ = {isa = PBXBuildFile; fileRef = 662EC33617A68B75007E369D /* ofxSyphonServer.mm */; };
		662EC35317A68B8D007E369D /* Syphon.framework in CopyFiles */ = {isa = PBXBuildFile; fileRef = 662EC32C17A68B75007E369D /* Syphon.framework */; };
		8ded5056525646fa71980866dad7cfd5 /* ofxAssimpModelLoader.cpp in Sources */ = {isa = PBXBuildFile; fileRef = ede55d82bd962dac0e94b708addc77b6 /* ofxAssimpModelLoader.cpp */; };
		BBAB23CB13894F3D00AA2426 /* GLUT.framework in CopyFiles */ = {isa = PBXBuildFile; fileRef = BBAB23BE13894E4700AA2426 /* GLUT.framework */; };
		C3FD928E17A69AB100B99F99 /* niController.cpp in Sources */ = {isa = PBXBuildFile; fileRef = C3FD928C17A69AB100B99F99 /* niController.cpp */; };
		E4328149138ABC9F0047C5CB /* openFrameworksDebug.a in Frameworks */ = {isa = PBXBuildFile; fileRef = E4328148138ABC890047C5CB /* openFrameworksDebug.a */; };
		E45BE97B0E8CC7DD009D7055 /* AGL.framework in Frameworks */ = {isa = PBXBuildFile; fileRef = E45BE9710E8CC7DD009D7055 /* AGL.framework */; };
		E45BE97C0E8CC7DD009D7055 /* ApplicationServices.framework in Frameworks */ = {isa = PBXBuildFile; fileRef = E45BE9720E8CC7DD009D7055 /* ApplicationServices.framework */; };
		E45BE97D0E8CC7DD009D7055 /* AudioToolbox.framework in Frameworks */ = {isa = PBXBuildFile; fileRef = E45BE9730E8CC7DD009D7055 /* AudioToolbox.framework */; };
		E45BE97E0E8CC7DD009D7055 /* Carbon.framework in Frameworks */ = {isa = PBXBuildFile; fileRef = E45BE9740E8CC7DD009D7055 /* Carbon.framework */; };
		E45BE97F0E8CC7DD009D7055 /* CoreAudio.framework in Frameworks */ = {isa = PBXBuildFile; fileRef = E45BE9750E8CC7DD009D7055 /* CoreAudio.framework */; };
		E45BE9800E8CC7DD009D7055 /* CoreFoundation.framework in Frameworks */ = {isa = PBXBuildFile; fileRef = E45BE9760E8CC7DD009D7055 /* CoreFoundation.framework */; };
		E45BE9810E8CC7DD009D7055 /* CoreServices.framework in Frameworks */ = {isa = PBXBuildFile; fileRef = E45BE9770E8CC7DD009D7055 /* CoreServices.framework */; };
		E45BE9830E8CC7DD009D7055 /* OpenGL.framework in Frameworks */ = {isa = PBXBuildFile; fileRef = E45BE9790E8CC7DD009D7055 /* OpenGL.framework */; };
		E45BE9840E8CC7DD009D7055 /* QuickTime.framework in Frameworks */ = {isa = PBXBuildFile; fileRef = E45BE97A0E8CC7DD009D7055 /* QuickTime.framework */; };
		E4B69E200A3A1BDC003C02F2 /* main.cpp in Sources */ = {isa = PBXBuildFile; fileRef = E4B69E1D0A3A1BDC003C02F2 /* main.cpp */; };
		E4B69E210A3A1BDC003C02F2 /* comaDisq.cpp in Sources */ = {isa = PBXBuildFile; fileRef = E4B69E1E0A3A1BDC003C02F2 /* comaDisq.cpp */; };
		E4C2424710CC5A17004149E2 /* AppKit.framework in Frameworks */ = {isa = PBXBuildFile; fileRef = E4C2424410CC5A17004149E2 /* AppKit.framework */; };
		E4C2424810CC5A17004149E2 /* Cocoa.framework in Frameworks */ = {isa = PBXBuildFile; fileRef = E4C2424510CC5A17004149E2 /* Cocoa.framework */; };
		E4C2424910CC5A17004149E2 /* IOKit.framework in Frameworks */ = {isa = PBXBuildFile; fileRef = E4C2424610CC5A17004149E2 /* IOKit.framework */; };
		E4EB6799138ADC1D00A09F29 /* GLUT.framework in Frameworks */ = {isa = PBXBuildFile; fileRef = BBAB23BE13894E4700AA2426 /* GLUT.framework */; };
		E7E077E515D3B63C0020DFD4 /* CoreVideo.framework in Frameworks */ = {isa = PBXBuildFile; fileRef = E7E077E415D3B63C0020DFD4 /* CoreVideo.framework */; };
		E7E077E815D3B6510020DFD4 /* QTKit.framework in Frameworks */ = {isa = PBXBuildFile; fileRef = E7E077E715D3B6510020DFD4 /* QTKit.framework */; };
		E7F985F815E0DEA3003869B5 /* Accelerate.framework in Frameworks */ = {isa = PBXBuildFile; fileRef = E7F985F515E0DE99003869B5 /* Accelerate.framework */; };
		dfa805c945270bcae6824dc1c76f6a2b /* ofxNiTE2.cpp in Sources */ = {isa = PBXBuildFile; fileRef = cb56539c4eacaab391d1e13194dff05b /* ofxNiTE2.cpp */; };
/* End PBXBuildFile section */

/* Begin PBXContainerItemProxy section */
		E4328147138ABC890047C5CB /* PBXContainerItemProxy */ = {
			isa = PBXContainerItemProxy;
			containerPortal = E4328143138ABC890047C5CB /* openFrameworksLib.xcodeproj */;
			proxyType = 2;
			remoteGlobalIDString = E4B27C1510CBEB8E00536013;
			remoteInfo = openFrameworks;
		};
		E4EEB9AB138B136A00A80321 /* PBXContainerItemProxy */ = {
			isa = PBXContainerItemProxy;
			containerPortal = E4328143138ABC890047C5CB /* openFrameworksLib.xcodeproj */;
			proxyType = 1;
			remoteGlobalIDString = E4B27C1410CBEB8E00536013;
			remoteInfo = openFrameworks;
		};
/* End PBXContainerItemProxy section */

/* Begin PBXCopyFilesBuildPhase section */
		E4C2427710CC5ABF004149E2 /* CopyFiles */ = {
			isa = PBXCopyFilesBuildPhase;
			buildActionMask = 2147483647;
			dstPath = "";
			dstSubfolderSpec = 10;
			files = (
				BBAB23CB13894F3D00AA2426 /* GLUT.framework in CopyFiles */,
				662EC35317A68B8D007E369D /* Syphon.framework in CopyFiles */,
			);
			runOnlyForDeploymentPostprocessing = 0;
		};
/* End PBXCopyFilesBuildPhase section */

/* Begin PBXFileReference section */
		0a58fc678619ffd2840e1e733d146c0f /* AssimpModel.h */ = {isa = PBXFileReference; explicitFileType = sourcecode.c.h; fileEncoding = 30; name = AssimpModel.h; path = ../../../addons/ofxNI2/src/utils/AssimpModel.h; sourceTree = SOURCE_ROOT; };
		0d3785e8f7feb9257fea2d7d3e2823e6 /* ProgressHandler.h */ = {isa = PBXFileReference; explicitFileType = sourcecode.c.h; fileEncoding = 30; name = ProgressHandler.h; path = ../../../addons/ofxAssimpModelLoader/libs/assimp/include/ProgressHandler.h; sourceTree = SOURCE_ROOT; };
		12a495636e8f8086e17251c020a83154 /* LogStream.h */ = {isa = PBXFileReference; explicitFileType = sourcecode.c.h; fileEncoding = 30; name = LogStream.h; path = ../../../addons/ofxAssimpModelLoader/libs/assimp/include/LogStream.h; sourceTree = SOURCE_ROOT; };
		1aa18353f9701b01731dfadf228466c5 /* poppack1.h */ = {isa = PBXFileReference; explicitFileType = sourcecode.c.h; fileEncoding = 30; name = poppack1.h; path = ../../../addons/ofxAssimpModelLoader/libs/assimp/include/Compiler/poppack1.h; sourceTree = SOURCE_ROOT; };
		1b2b8dd25ba5cc157bedbcf0a4512832 /* aiColor4D.h */ = {isa = PBXFileReference; explicitFileType = sourcecode.c.h; fileEncoding = 30; name = aiColor4D.h; path = ../../../addons/ofxAssimpModelLoader/libs/assimp/include/aiColor4D.h; sourceTree = SOURCE_ROOT; };
		1cc0aefe592601759aa6b7662cba708d /* NiteCAPI.h */ = {isa = PBXFileReference; explicitFileType = sourcecode.c.h; fileEncoding = 30; name = NiteCAPI.h; path = ../../../addons/ofxNI2/libs/NiTE2/include/NiteCAPI.h; sourceTree = SOURCE_ROOT; };
		1eaed5cffef5186b868078917fbc5992 /* aiAssert.h */ = {isa = PBXFileReference; explicitFileType = sourcecode.c.h; fileEncoding = 30; name = aiAssert.h; path = ../../../addons/ofxAssimpModelLoader/libs/assimp/include/aiAssert.h; sourceTree = SOURCE_ROOT; };
		22529a1673c6b6b14b032d78b4b5747b /* OniPlatformLinux-Arm.h */ = {isa = PBXFileReference; explicitFileType = sourcecode.c.h; fileEncoding = 30; name = "OniPlatformLinux-Arm.h"; path = "../../../addons/ofxNI2/libs/OpenNI2/include/ni2/Linux-Arm/OniPlatformLinux-Arm.h"; sourceTree = SOURCE_ROOT; };
		28904a3f685cce2d22b588e9936f112b /* aiVector2D.h */ = {isa = PBXFileReference; explicitFileType = sourcecode.c.h; fileEncoding = 30; name = aiVector2D.h; path = ../../../addons/ofxAssimpModelLoader/libs/assimp/include/aiVector2D.h; sourceTree = SOURCE_ROOT; };
		2d6e76763f7f1b29da42351fda06d2d7 /* OniPlatformWin32.h */ = {isa = PBXFileReference; explicitFileType = sourcecode.c.h; fileEncoding = 30; name = OniPlatformWin32.h; path = ../../../addons/ofxNI2/libs/OpenNI2/include/ni2/Win32/OniPlatformWin32.h; sourceTree = SOURCE_ROOT; };
		35e5e560765f3db376595dc272708223 /* OniPlatformLinux-x86.h */ = {isa = PBXFileReference; explicitFileType = sourcecode.c.h; fileEncoding = 30; name = "OniPlatformLinux-x86.h"; path = "../../../addons/ofxNI2/libs/OpenNI2/include/ni2/Linux-x86/OniPlatformLinux-x86.h"; sourceTree = SOURCE_ROOT; };
		36068d6c1d6d412786a5c4c1868cfb5e /* ofxAssimpAnimation.cpp */ = {isa = PBXFileReference; explicitFileType = sourcecode.cpp.cpp; fileEncoding = 30; name = ofxAssimpAnimation.cpp; path = ../../../addons/ofxAssimpModelLoader/src/ofxAssimpAnimation.cpp; sourceTree = SOURCE_ROOT; };
		38ef19efe915639d9cf24e91dd76c493 /* ofxNI2.cpp */ = {isa = PBXFileReference; explicitFileType = sourcecode.cpp.cpp; fileEncoding = 30; name = ofxNI2.cpp; path = ../../../addons/ofxNI2/src/ofxNI2.cpp; sourceTree = SOURCE_ROOT; };
		3af80aa3d795eecc0141e49789e1b0c6 /* NiTE.h */ = {isa = PBXFileReference; explicitFileType = sourcecode.c.h; fileEncoding = 30; name = NiTE.h; path = ../../../addons/ofxNI2/libs/NiTE2/include/NiTE.h; sourceTree = SOURCE_ROOT; };
		3dbacca958271ecb22f7ab67d74a49ce /* aiConfig.h */ = {isa = PBXFileReference; explicitFileType = sourcecode.c.h; fileEncoding = 30; name = aiConfig.h; path = ../../../addons/ofxAssimpModelLoader/libs/assimp/include/aiConfig.h; sourceTree = SOURCE_ROOT; };
		411b9b9bc0591439d8f0b056069b76d2 /* aiLight.h */ = {isa = PBXFileReference; explicitFileType = sourcecode.c.h; fileEncoding = 30; name = aiLight.h; path = ../../../addons/ofxAssimpModelLoader/libs/assimp/include/aiLight.h; sourceTree = SOURCE_ROOT; };
		46bcaf8b60026e14cac6c5d200eceb6c /* NiteEnums.h */ = {isa = PBXFileReference; explicitFileType = sourcecode.c.h; fileEncoding = 30; name = NiteEnums.h; path = ../../../addons/ofxNI2/libs/NiTE2/include/NiteEnums.h; sourceTree = SOURCE_ROOT; };
		4e1df11e6cc6d490d7837d0e0b19df0a /* OniEnums.h */ = {isa = PBXFileReference; explicitFileType = sourcecode.c.h; fileEncoding = 30; name = OniEnums.h; path = ../../../addons/ofxNI2/libs/OpenNI2/include/ni2/OniEnums.h; sourceTree = SOURCE_ROOT; };
		4f406a9b2cb220b80a79084fadb6f2e8 /* OniVersion.h */ = {isa = PBXFileReference; explicitFileType = sourcecode.c.h; fileEncoding = 30; name = OniVersion.h; path = ../../../addons/ofxNI2/libs/OpenNI2/include/ni2/OniVersion.h; sourceTree = SOURCE_ROOT; };
		4fae4a0f69a8990513603bdfb5377e20 /* ofxAssimpUtils.h */ = {isa = PBXFileReference; explicitFileType = sourcecode.c.h; fileEncoding = 30; name = ofxAssimpUtils.h; path = ../../../addons/ofxAssimpModelLoader/src/ofxAssimpUtils.h; sourceTree = SOURCE_ROOT; };
		514f1458b89d2b50385dd6479bef2581 /* ofxNI2.h */ = {isa = PBXFileReference; explicitFileType = sourcecode.c.h; fileEncoding = 30; name = ofxNI2.h; path = ../../../addons/ofxNI2/src/ofxNI2.h; sourceTree = SOURCE_ROOT; };
		53ea0e889f34624ce3313e04cd77bdc4 /* assimp.hpp */ = {isa = PBXFileReference; explicitFileType = sourcecode.c.h; fileEncoding = 30; name = assimp.hpp; path = ../../../addons/ofxAssimpModelLoader/libs/assimp/include/assimp.hpp; sourceTree = SOURCE_ROOT; };
		55b81b66e9935717c0fb91416f3db68f /* Logger.h */ = {isa = PBXFileReference; explicitFileType = sourcecode.c.h; fileEncoding = 30; name = Logger.h; path = ../../../addons/ofxAssimpModelLoader/libs/assimp/include/Logger.h; sourceTree = SOURCE_ROOT; };
		564045ef0424b7037832d90382f88900 /* assimp.h */ = {isa = PBXFileReference; explicitFileType = sourcecode.c.h; fileEncoding = 30; name = assimp.h; path = ../../../addons/ofxAssimpModelLoader/libs/assimp/include/assimp.h; sourceTree = SOURCE_ROOT; };
		5643ff14417b90372963dfe339002e0a /* OniProperties.h */ = {isa = PBXFileReference; explicitFileType = sourcecode.c.h; fileEncoding = 30; name = OniProperties.h; path = ../../../addons/ofxNI2/libs/OpenNI2/include/ni2/OniProperties.h; sourceTree = SOURCE_ROOT; };
		585773fdb62c014c4937d19ffbb1793d /* OniPlatformAndroid-Arm.h */ = {isa = PBXFileReference; explicitFileType = sourcecode.c.h; fileEncoding = 30; name = "OniPlatformAndroid-Arm.h"; path = "../../../addons/ofxNI2/libs/OpenNI2/include/ni2/Android-Arm/OniPlatformAndroid-Arm.h"; sourceTree = SOURCE_ROOT; };
		5e154ce6eae1c51e3e6c3afe877468db /* aiMesh.h */ = {isa = PBXFileReference; explicitFileType = sourcecode.c.h; fileEncoding = 30; name = aiMesh.h; path = ../../../addons/ofxAssimpModelLoader/libs/assimp/include/aiMesh.h; sourceTree = SOURCE_ROOT; };
		60bbbad461d233ec2be998a924bfafde /* OniCTypes.h */ = {isa = PBXFileReference; explicitFileType = sourcecode.c.h; fileEncoding = 30; name = OniCTypes.h; path = ../../../addons/ofxNI2/libs/OpenNI2/include/ni2/OniCTypes.h; sourceTree = SOURCE_ROOT; };
		6566cafa01627bc29b593c5d00230d71 /* OniPlatform.h */ = {isa = PBXFileReference; explicitFileType = sourcecode.c.h; fileEncoding = 30; name = OniPlatform.h; path = ../../../addons/ofxNI2/libs/OpenNI2/include/ni2/OniPlatform.h; sourceTree = SOURCE_ROOT; };
		65bac5a3b9c9387859a2b0e01dd0c5e7 /* pushpack1.h */ = {isa = PBXFileReference; explicitFileType = sourcecode.c.h; fileEncoding = 30; name = pushpack1.h; path = ../../../addons/ofxAssimpModelLoader/libs/assimp/include/Compiler/pushpack1.h; sourceTree = SOURCE_ROOT; };
		662EC2F117A68B75007E369D /* IpEndpointName.cpp */ = {isa = PBXFileReference; fileEncoding = 4; lastKnownFileType = sourcecode.cpp.cpp; path = IpEndpointName.cpp; sourceTree = "<group>"; };
		662EC2F217A68B75007E369D /* IpEndpointName.h */ = {isa = PBXFileReference; fileEncoding = 4; lastKnownFileType = sourcecode.c.h; path = IpEndpointName.h; sourceTree = "<group>"; };
		662EC2F317A68B75007E369D /* NetworkingUtils.h */ = {isa = PBXFileReference; fileEncoding = 4; lastKnownFileType = sourcecode.c.h; path = NetworkingUtils.h; sourceTree = "<group>"; };
		662EC2F417A68B75007E369D /* PacketListener.h */ = {isa = PBXFileReference; fileEncoding = 4; lastKnownFileType = sourcecode.c.h; path = PacketListener.h; sourceTree = "<group>"; };
		662EC2F617A68B75007E369D /* NetworkingUtils.cpp */ = {isa = PBXFileReference; fileEncoding = 4; lastKnownFileType = sourcecode.cpp.cpp; path = NetworkingUtils.cpp; sourceTree = "<group>"; };
		662EC2F717A68B75007E369D /* UdpSocket.cpp */ = {isa = PBXFileReference; fileEncoding = 4; lastKnownFileType = sourcecode.cpp.cpp; path = UdpSocket.cpp; sourceTree = "<group>"; };
		662EC2F817A68B75007E369D /* TimerListener.h */ = {isa = PBXFileReference; fileEncoding = 4; lastKnownFileType = sourcecode.c.h; path = TimerListener.h; sourceTree = "<group>"; };
		662EC2F917A68B75007E369D /* UdpSocket.h */ = {isa = PBXFileReference; fileEncoding = 4; lastKnownFileType = sourcecode.c.h; path = UdpSocket.h; sourceTree = "<group>"; };
		662EC2FB17A68B75007E369D /* NetworkingUtilsWin.cpp */ = {isa = PBXFileReference; fileEncoding = 4; lastKnownFileType = sourcecode.cpp.cpp; path = NetworkingUtilsWin.cpp; sourceTree = "<group>"; };
		662EC2FC17A68B75007E369D /* UdpSocketWin.cpp */ = {isa = PBXFileReference; fileEncoding = 4; lastKnownFileType = sourcecode.cpp.cpp; path = UdpSocketWin.cpp; sourceTree = "<group>"; };
		662EC2FE17A68B75007E369D /* MessageMappingOscPacketListener.h */ = {isa = PBXFileReference; fileEncoding = 4; lastKnownFileType = sourcecode.c.h; path = MessageMappingOscPacketListener.h; sourceTree = "<group>"; };
		662EC2FF17A68B75007E369D /* OscException.h */ = {isa = PBXFileReference; fileEncoding = 4; lastKnownFileType = sourcecode.c.h; path = OscException.h; sourceTree = "<group>"; };
		662EC30017A68B75007E369D /* OscHostEndianness.h */ = {isa = PBXFileReference; fileEncoding = 4; lastKnownFileType = sourcecode.c.h; path = OscHostEndianness.h; sourceTree = "<group>"; };
		662EC30117A68B75007E369D /* OscOutboundPacketStream.cpp */ = {isa = PBXFileReference; fileEncoding = 4; lastKnownFileType = sourcecode.cpp.cpp; path = OscOutboundPacketStream.cpp; sourceTree = "<group>"; };
		662EC30217A68B75007E369D /* OscOutboundPacketStream.h */ = {isa = PBXFileReference; fileEncoding = 4; lastKnownFileType = sourcecode.c.h; path = OscOutboundPacketStream.h; sourceTree = "<group>"; };
		662EC30317A68B75007E369D /* OscPacketListener.h */ = {isa = PBXFileReference; fileEncoding = 4; lastKnownFileType = sourcecode.c.h; path = OscPacketListener.h; sourceTree = "<group>"; };
		662EC30417A68B75007E369D /* OscPrintReceivedElements.cpp */ = {isa = PBXFileReference; fileEncoding = 4; lastKnownFileType = sourcecode.cpp.cpp; path = OscPrintReceivedElements.cpp; sourceTree = "<group>"; };
		662EC30517A68B75007E369D /* OscPrintReceivedElements.h */ = {isa = PBXFileReference; fileEncoding = 4; lastKnownFileType = sourcecode.c.h; path = OscPrintReceivedElements.h; sourceTree = "<group>"; };
		662EC30617A68B75007E369D /* OscReceivedElements.cpp */ = {isa = PBXFileReference; fileEncoding = 4; lastKnownFileType = sourcecode.cpp.cpp; path = OscReceivedElements.cpp; sourceTree = "<group>"; };
		662EC30717A68B75007E369D /* OscReceivedElements.h */ = {isa = PBXFileReference; fileEncoding = 4; lastKnownFileType = sourcecode.c.h; path = OscReceivedElements.h; sourceTree = "<group>"; };
		662EC30817A68B75007E369D /* OscTypes.cpp */ = {isa = PBXFileReference; fileEncoding = 4; lastKnownFileType = sourcecode.cpp.cpp; path = OscTypes.cpp; sourceTree = "<group>"; };
		662EC30917A68B75007E369D /* OscTypes.h */ = {isa = PBXFileReference; fileEncoding = 4; lastKnownFileType = sourcecode.c.h; path = OscTypes.h; sourceTree = "<group>"; };
		662EC30B17A68B75007E369D /* ofxOsc.h */ = {isa = PBXFileReference; fileEncoding = 4; lastKnownFileType = sourcecode.c.h; path = ofxOsc.h; sourceTree = "<group>"; };
		662EC30C17A68B75007E369D /* ofxOscArg.h */ = {isa = PBXFileReference; fileEncoding = 4; lastKnownFileType = sourcecode.c.h; path = ofxOscArg.h; sourceTree = "<group>"; };
		662EC30D17A68B75007E369D /* ofxOscBundle.cpp */ = {isa = PBXFileReference; fileEncoding = 4; lastKnownFileType = sourcecode.cpp.cpp; path = ofxOscBundle.cpp; sourceTree = "<group>"; };
		662EC30E17A68B75007E369D /* ofxOscBundle.h */ = {isa = PBXFileReference; fileEncoding = 4; lastKnownFileType = sourcecode.c.h; path = ofxOscBundle.h; sourceTree = "<group>"; };
		662EC30F17A68B75007E369D /* ofxOscMessage.cpp */ = {isa = PBXFileReference; fileEncoding = 4; lastKnownFileType = sourcecode.cpp.cpp; path = ofxOscMessage.cpp; sourceTree = "<group>"; };
		662EC31017A68B75007E369D /* ofxOscMessage.h */ = {isa = PBXFileReference; fileEncoding = 4; lastKnownFileType = sourcecode.c.h; path = ofxOscMessage.h; sourceTree = "<group>"; };
		662EC31117A68B75007E369D /* ofxOscReceiver.cpp */ = {isa = PBXFileReference; fileEncoding = 4; lastKnownFileType = sourcecode.cpp.cpp; path = ofxOscReceiver.cpp; sourceTree = "<group>"; };
		662EC31217A68B75007E369D /* ofxOscReceiver.h */ = {isa = PBXFileReference; fileEncoding = 4; lastKnownFileType = sourcecode.c.h; path = ofxOscReceiver.h; sourceTree = "<group>"; };
		662EC31317A68B75007E369D /* ofxOscSender.cpp */ = {isa = PBXFileReference; fileEncoding = 4; lastKnownFileType = sourcecode.cpp.cpp; path = ofxOscSender.cpp; sourceTree = "<group>"; };
		662EC31417A68B75007E369D /* ofxOscSender.h */ = {isa = PBXFileReference; fileEncoding = 4; lastKnownFileType = sourcecode.c.h; path = ofxOscSender.h; sourceTree = "<group>"; };
		662EC32C17A68B75007E369D /* Syphon.framework */ = {isa = PBXFileReference; lastKnownFileType = wrapper.framework; path = Syphon.framework; sourceTree = "<group>"; };
		662EC32E17A68B75007E369D /* SyphonNameboundClient.h */ = {isa = PBXFileReference; fileEncoding = 4; lastKnownFileType = sourcecode.c.h; path = SyphonNameboundClient.h; sourceTree = "<group>"; };
		662EC32F17A68B75007E369D /* SyphonNameboundClient.m */ = {isa = PBXFileReference; fileEncoding = 4; lastKnownFileType = sourcecode.c.objc; path = SyphonNameboundClient.m; sourceTree = "<group>"; };
		662EC33017A68B75007E369D /* README.md */ = {isa = PBXFileReference; fileEncoding = 4; lastKnownFileType = text; path = README.md; sourceTree = "<group>"; };
		662EC33217A68B75007E369D /* ofxSyphon.h */ = {isa = PBXFileReference; fileEncoding = 4; lastKnownFileType = sourcecode.c.h; path = ofxSyphon.h; sourceTree = "<group>"; };
		662EC33317A68B75007E369D /* ofxSyphonClient.h */ = {isa = PBXFileReference; fileEncoding = 4; lastKnownFileType = sourcecode.c.h; path = ofxSyphonClient.h; sourceTree = "<group>"; };
		662EC33417A68B75007E369D /* ofxSyphonClient.mm */ = {isa = PBXFileReference; fileEncoding = 4; lastKnownFileType = sourcecode.cpp.objcpp; path = ofxSyphonClient.mm; sourceTree = "<group>"; };
		662EC33517A68B75007E369D /* ofxSyphonServer.h */ = {isa = PBXFileReference; fileEncoding = 4; lastKnownFileType = sourcecode.c.h; path = ofxSyphonServer.h; sourceTree = "<group>"; };
		662EC33617A68B75007E369D /* ofxSyphonServer.mm */ = {isa = PBXFileReference; fileEncoding = 4; lastKnownFileType = sourcecode.cpp.objcpp; path = ofxSyphonServer.mm; sourceTree = "<group>"; };
		66b83fd2427258cc34ce748a0c7f5884 /* OniCProperties.h */ = {isa = PBXFileReference; explicitFileType = sourcecode.c.h; fileEncoding = 30; name = OniCProperties.h; path = ../../../addons/ofxNI2/libs/OpenNI2/include/ni2/OniCProperties.h; sourceTree = SOURCE_ROOT; };
		693116443f408097fadab561dea44012 /* DepthReprojection.h */ = {isa = PBXFileReference; explicitFileType = sourcecode.c.h; fileEncoding = 30; name = DepthReprojection.h; path = ../../../addons/ofxNI2/src/utils/DepthReprojection.h; sourceTree = SOURCE_ROOT; };
		6948c3ea254b73f9a0c8dc47dcd22338 /* TimedomainMedianFilter.h */ = {isa = PBXFileReference; explicitFileType = sourcecode.c.h; fileEncoding = 30; name = TimedomainMedianFilter.h; path = ../../../addons/ofxNI2/src/utils/TimedomainMedianFilter.h; sourceTree = SOURCE_ROOT; };
		728719b93f438a61b85fc443b4543540 /* NiteVersion.h */ = {isa = PBXFileReference; explicitFileType = sourcecode.c.h; fileEncoding = 30; name = NiteVersion.h; path = ../../../addons/ofxNI2/libs/NiTE2/include/NiteVersion.h; sourceTree = SOURCE_ROOT; };
		7376e26531d91026464d8c58a27b7069 /* aiFileIO.h */ = {isa = PBXFileReference; explicitFileType = sourcecode.c.h; fileEncoding = 30; name = aiFileIO.h; path = ../../../addons/ofxAssimpModelLoader/libs/assimp/include/aiFileIO.h; sourceTree = SOURCE_ROOT; };
		7da8f80a221c83c141fd02b1bf0fd401 /* aiDefines.h */ = {isa = PBXFileReference; explicitFileType = sourcecode.c.h; fileEncoding = 30; name = aiDefines.h; path = ../../../addons/ofxAssimpModelLoader/libs/assimp/include/aiDefines.h; sourceTree = SOURCE_ROOT; };
		7df381f656e8fd352e21346e62796c7d /* ofxAssimpModelLoader.h */ = {isa = PBXFileReference; explicitFileType = sourcecode.c.h; fileEncoding = 30; name = ofxAssimpModelLoader.h; path = ../../../addons/ofxAssimpModelLoader/src/ofxAssimpModelLoader.h; sourceTree = SOURCE_ROOT; };
		838b1d2c3319363cf8762b067909ebfc /* aiCamera.h */ = {isa = PBXFileReference; explicitFileType = sourcecode.c.h; fileEncoding = 30; name = aiCamera.h; path = ../../../addons/ofxAssimpModelLoader/libs/assimp/include/aiCamera.h; sourceTree = SOURCE_ROOT; };
		8493ae107518efdb3a6f4e75cc50e65f /* OniCAPI.h */ = {isa = PBXFileReference; explicitFileType = sourcecode.c.h; fileEncoding = 30; name = OniCAPI.h; path = ../../../addons/ofxNI2/libs/OpenNI2/include/ni2/OniCAPI.h; sourceTree = SOURCE_ROOT; };
		8504ff32a0062075b2b34f3ce8f21a72 /* aiMatrix3x3.h */ = {isa = PBXFileReference; explicitFileType = sourcecode.c.h; fileEncoding = 30; name = aiMatrix3x3.h; path = ../../../addons/ofxAssimpModelLoader/libs/assimp/include/aiMatrix3x3.h; sourceTree = SOURCE_ROOT; };
		8a201f3f6e819dc68a45df7185267a47 /* NiteCEnums.h */ = {isa = PBXFileReference; explicitFileType = sourcecode.c.h; fileEncoding = 30; name = NiteCEnums.h; path = ../../../addons/ofxNI2/libs/NiTE2/include/NiteCEnums.h; sourceTree = SOURCE_ROOT; };
		8eb7e3aa842b22a0d284ea31e39e4301 /* aiScene.h */ = {isa = PBXFileReference; explicitFileType = sourcecode.c.h; fileEncoding = 30; name = aiScene.h; path = ../../../addons/ofxAssimpModelLoader/libs/assimp/include/aiScene.h; sourceTree = SOURCE_ROOT; };
		8ebbbb59caed1e54f37c7038f27990ee /* IOSystem.h */ = {isa = PBXFileReference; explicitFileType = sourcecode.c.h; fileEncoding = 30; name = IOSystem.h; path = ../../../addons/ofxAssimpModelLoader/libs/assimp/include/IOSystem.h; sourceTree = SOURCE_ROOT; };
		907f2521dc2465da06c6af1d1c18c799 /* aiAnim.h */ = {isa = PBXFileReference; explicitFileType = sourcecode.c.h; fileEncoding = 30; name = aiAnim.h; path = ../../../addons/ofxAssimpModelLoader/libs/assimp/include/aiAnim.h; sourceTree = SOURCE_ROOT; };
		9812ab5b873dce671edd4e6ddd281e54 /* aiTypes.h */ = {isa = PBXFileReference; explicitFileType = sourcecode.c.h; fileEncoding = 30; name = aiTypes.h; path = ../../../addons/ofxAssimpModelLoader/libs/assimp/include/aiTypes.h; sourceTree = SOURCE_ROOT; };
		986f8fa459b3213aebd1de25813b301f /* OniPlatformMacOSX.h */ = {isa = PBXFileReference; explicitFileType = sourcecode.c.h; fileEncoding = 30; name = OniPlatformMacOSX.h; path = ../../../addons/ofxNI2/libs/OpenNI2/include/ni2/MacOSX/OniPlatformMacOSX.h; sourceTree = SOURCE_ROOT; };
		99d38aa34a91a2409675bd86d51b3c58 /* DepthRemapToRange.h */ = {isa = PBXFileReference; explicitFileType = sourcecode.c.h; fileEncoding = 30; name = DepthRemapToRange.h; path = ../../../addons/ofxNI2/src/utils/DepthRemapToRange.h; sourceTree = SOURCE_ROOT; };
		9d3fbfbcc1ee3203c85613ccf7e80431 /* DefaultLogger.h */ = {isa = PBXFileReference; explicitFileType = sourcecode.c.h; fileEncoding = 30; name = DefaultLogger.h; path = ../../../addons/ofxAssimpModelLoader/libs/assimp/include/DefaultLogger.h; sourceTree = SOURCE_ROOT; };
		BBAB23BE13894E4700AA2426 /* GLUT.framework */ = {isa = PBXFileReference; lastKnownFileType = wrapper.framework; name = GLUT.framework; path = ../../../libs/glut/lib/osx/GLUT.framework; sourceTree = "<group>"; };
		C3FD928C17A69AB100B99F99 /* niController.cpp */ = {isa = PBXFileReference; fileEncoding = 4; lastKnownFileType = sourcecode.cpp.cpp; path = niController.cpp; sourceTree = "<group>"; };
		C3FD928D17A69AB100B99F99 /* niConroller.h */ = {isa = PBXFileReference; fileEncoding = 4; lastKnownFileType = sourcecode.c.h; path = niConroller.h; sourceTree = "<group>"; };
		E4328143138ABC890047C5CB /* openFrameworksLib.xcodeproj */ = {isa = PBXFileReference; lastKnownFileType = "wrapper.pb-project"; name = openFrameworksLib.xcodeproj; path = ../../../libs/openFrameworksCompiled/project/osx/openFrameworksLib.xcodeproj; sourceTree = SOURCE_ROOT; };
		E45BE9710E8CC7DD009D7055 /* AGL.framework */ = {isa = PBXFileReference; lastKnownFileType = wrapper.framework; name = AGL.framework; path = /System/Library/Frameworks/AGL.framework; sourceTree = "<absolute>"; };
		E45BE9720E8CC7DD009D7055 /* ApplicationServices.framework */ = {isa = PBXFileReference; lastKnownFileType = wrapper.framework; name = ApplicationServices.framework; path = /System/Library/Frameworks/ApplicationServices.framework; sourceTree = "<absolute>"; };
		E45BE9730E8CC7DD009D7055 /* AudioToolbox.framework */ = {isa = PBXFileReference; lastKnownFileType = wrapper.framework; name = AudioToolbox.framework; path = /System/Library/Frameworks/AudioToolbox.framework; sourceTree = "<absolute>"; };
		E45BE9740E8CC7DD009D7055 /* Carbon.framework */ = {isa = PBXFileReference; lastKnownFileType = wrapper.framework; name = Carbon.framework; path = /System/Library/Frameworks/Carbon.framework; sourceTree = "<absolute>"; };
		E45BE9750E8CC7DD009D7055 /* CoreAudio.framework */ = {isa = PBXFileReference; lastKnownFileType = wrapper.framework; name = CoreAudio.framework; path = /System/Library/Frameworks/CoreAudio.framework; sourceTree = "<absolute>"; };
		E45BE9760E8CC7DD009D7055 /* CoreFoundation.framework */ = {isa = PBXFileReference; lastKnownFileType = wrapper.framework; name = CoreFoundation.framework; path = /System/Library/Frameworks/CoreFoundation.framework; sourceTree = "<absolute>"; };
		E45BE9770E8CC7DD009D7055 /* CoreServices.framework */ = {isa = PBXFileReference; lastKnownFileType = wrapper.framework; name = CoreServices.framework; path = /System/Library/Frameworks/CoreServices.framework; sourceTree = "<absolute>"; };
		E45BE9790E8CC7DD009D7055 /* OpenGL.framework */ = {isa = PBXFileReference; lastKnownFileType = wrapper.framework; name = OpenGL.framework; path = /System/Library/Frameworks/OpenGL.framework; sourceTree = "<absolute>"; };
		E45BE97A0E8CC7DD009D7055 /* QuickTime.framework */ = {isa = PBXFileReference; lastKnownFileType = wrapper.framework; name = QuickTime.framework; path = /System/Library/Frameworks/QuickTime.framework; sourceTree = "<absolute>"; };
		E4B69B5B0A3A1756003C02F2 /* comaDisqDebug.app */ = {isa = PBXFileReference; explicitFileType = wrapper.application; includeInIndex = 0; path = comaDisqDebug.app; sourceTree = BUILT_PRODUCTS_DIR; };
		E4B69E1D0A3A1BDC003C02F2 /* main.cpp */ = {isa = PBXFileReference; fileEncoding = 30; lastKnownFileType = sourcecode.cpp.cpp; name = main.cpp; path = src/main.cpp; sourceTree = SOURCE_ROOT; };
		E4B69E1E0A3A1BDC003C02F2 /* comaDisq.cpp */ = {isa = PBXFileReference; explicitFileType = sourcecode.cpp.cpp; fileEncoding = 30; name = comaDisq.cpp; path = src/comaDisq.cpp; sourceTree = SOURCE_ROOT; };
		E4B69E1F0A3A1BDC003C02F2 /* comaDisq.h */ = {isa = PBXFileReference; fileEncoding = 30; lastKnownFileType = sourcecode.c.h; name = comaDisq.h; path = src/comaDisq.h; sourceTree = SOURCE_ROOT; };
		E4B6FCAD0C3E899E008CF71C /* openFrameworks-Info.plist */ = {isa = PBXFileReference; fileEncoding = 30; lastKnownFileType = text.plist.xml; path = "openFrameworks-Info.plist"; sourceTree = "<group>"; };
		E4C2424410CC5A17004149E2 /* AppKit.framework */ = {isa = PBXFileReference; lastKnownFileType = wrapper.framework; name = AppKit.framework; path = /System/Library/Frameworks/AppKit.framework; sourceTree = "<absolute>"; };
		E4C2424510CC5A17004149E2 /* Cocoa.framework */ = {isa = PBXFileReference; lastKnownFileType = wrapper.framework; name = Cocoa.framework; path = /System/Library/Frameworks/Cocoa.framework; sourceTree = "<absolute>"; };
		E4C2424610CC5A17004149E2 /* IOKit.framework */ = {isa = PBXFileReference; lastKnownFileType = wrapper.framework; name = IOKit.framework; path = /System/Library/Frameworks/IOKit.framework; sourceTree = "<absolute>"; };
		E4EB691F138AFCF100A09F29 /* CoreOF.xcconfig */ = {isa = PBXFileReference; fileEncoding = 4; lastKnownFileType = text.xcconfig; name = CoreOF.xcconfig; path = ../../../libs/openFrameworksCompiled/project/osx/CoreOF.xcconfig; sourceTree = SOURCE_ROOT; };
		E4EB6923138AFD0F00A09F29 /* Project.xcconfig */ = {isa = PBXFileReference; fileEncoding = 4; lastKnownFileType = text.xcconfig; path = Project.xcconfig; sourceTree = "<group>"; };
		E7E077E415D3B63C0020DFD4 /* CoreVideo.framework */ = {isa = PBXFileReference; lastKnownFileType = wrapper.framework; name = CoreVideo.framework; path = /System/Library/Frameworks/CoreVideo.framework; sourceTree = "<absolute>"; };
		E7E077E715D3B6510020DFD4 /* QTKit.framework */ = {isa = PBXFileReference; lastKnownFileType = wrapper.framework; name = QTKit.framework; path = /System/Library/Frameworks/QTKit.framework; sourceTree = "<absolute>"; };
		E7F985F515E0DE99003869B5 /* Accelerate.framework */ = {isa = PBXFileReference; lastKnownFileType = wrapper.framework; name = Accelerate.framework; path = /System/Library/Frameworks/Accelerate.framework; sourceTree = "<absolute>"; };
		a13203a8b3f7f5188f617b91cb7dbe70 /* DoubleBuffer.h */ = {isa = PBXFileReference; explicitFileType = sourcecode.c.h; fileEncoding = 30; name = DoubleBuffer.h; path = ../../../addons/ofxNI2/src/utils/DoubleBuffer.h; sourceTree = SOURCE_ROOT; };
		b170ee628be77202946345e5f0de71e9 /* aiPostProcess.h */ = {isa = PBXFileReference; explicitFileType = sourcecode.c.h; fileEncoding = 30; name = aiPostProcess.h; path = ../../../addons/ofxAssimpModelLoader/libs/assimp/include/aiPostProcess.h; sourceTree = SOURCE_ROOT; };
		c5527ea29f52ffa0c868e1b945f4c509 /* NullLogger.h */ = {isa = PBXFileReference; explicitFileType = sourcecode.c.h; fileEncoding = 30; name = NullLogger.h; path = ../../../addons/ofxAssimpModelLoader/libs/assimp/include/NullLogger.h; sourceTree = SOURCE_ROOT; };
		c72403edcb7dcaec60d1dcdd13017e0c /* aiVersion.h */ = {isa = PBXFileReference; explicitFileType = sourcecode.c.h; fileEncoding = 30; name = aiVersion.h; path = ../../../addons/ofxAssimpModelLoader/libs/assimp/include/aiVersion.h; sourceTree = SOURCE_ROOT; };
		c878437fc072e5d613f2495ac838b698 /* aiTexture.h */ = {isa = PBXFileReference; explicitFileType = sourcecode.c.h; fileEncoding = 30; name = aiTexture.h; path = ../../../addons/ofxAssimpModelLoader/libs/assimp/include/aiTexture.h; sourceTree = SOURCE_ROOT; };
		cb56539c4eacaab391d1e13194dff05b /* ofxNiTE2.cpp */ = {isa = PBXFileReference; explicitFileType = sourcecode.cpp.cpp; fileEncoding = 30; name = ofxNiTE2.cpp; path = ../../../addons/ofxNI2/src/ofxNiTE2.cpp; sourceTree = SOURCE_ROOT; };
		cb6e898fb329c46ec3def46127b7f74e /* aiMatrix4x4.h */ = {isa = PBXFileReference; explicitFileType = sourcecode.c.h; fileEncoding = 30; name = aiMatrix4x4.h; path = ../../../addons/ofxAssimpModelLoader/libs/assimp/include/aiMatrix4x4.h; sourceTree = SOURCE_ROOT; };
		cc940533e79102644e0eba5599fb0fb6 /* IOStream.h */ = {isa = PBXFileReference; explicitFileType = sourcecode.c.h; fileEncoding = 30; name = IOStream.h; path = ../../../addons/ofxAssimpModelLoader/libs/assimp/include/IOStream.h; sourceTree = SOURCE_ROOT; };
		d58791be51c7b698ae48cd83d7932133 /* PS1080.h */ = {isa = PBXFileReference; explicitFileType = sourcecode.c.h; fileEncoding = 30; name = PS1080.h; path = ../../../addons/ofxNI2/libs/OpenNI2/include/ni2/PS1080.h; sourceTree = SOURCE_ROOT; };
		da9359f0f209e6a0b17ddb7d2000d1a0 /* aiQuaternion.h */ = {isa = PBXFileReference; explicitFileType = sourcecode.c.h; fileEncoding = 30; name = aiQuaternion.h; path = ../../../addons/ofxAssimpModelLoader/libs/assimp/include/aiQuaternion.h; sourceTree = SOURCE_ROOT; };
		e0125f004d3e962d9df20936c9bf70a0 /* OniCEnums.h */ = {isa = PBXFileReference; explicitFileType = sourcecode.c.h; fileEncoding = 30; name = OniCEnums.h; path = ../../../addons/ofxNI2/libs/OpenNI2/include/ni2/OniCEnums.h; sourceTree = SOURCE_ROOT; };
		e15a2aa8d846b3107aacc31edd2b9a3b /* aiVector3D.h */ = {isa = PBXFileReference; explicitFileType = sourcecode.c.h; fileEncoding = 30; name = aiVector3D.h; path = ../../../addons/ofxAssimpModelLoader/libs/assimp/include/aiVector3D.h; sourceTree = SOURCE_ROOT; };
		e79319dfe571d36e5665a2f5815f26b1 /* ofxNiTE2.h */ = {isa = PBXFileReference; explicitFileType = sourcecode.c.h; fileEncoding = 30; name = ofxNiTE2.h; path = ../../../addons/ofxNI2/src/ofxNiTE2.h; sourceTree = SOURCE_ROOT; };
		e966ed7b4a092f33d5cf8561a613d784 /* MeshGenerator.h */ = {isa = PBXFileReference; explicitFileType = sourcecode.c.h; fileEncoding = 30; name = MeshGenerator.h; path = ../../../addons/ofxNI2/src/utils/MeshGenerator.h; sourceTree = SOURCE_ROOT; };
		ea83df139b3f2085c1a56c4902af4dd8 /* ofxAssimpAnimation.h */ = {isa = PBXFileReference; explicitFileType = sourcecode.c.h; fileEncoding = 30; name = ofxAssimpAnimation.h; path = ../../../addons/ofxAssimpModelLoader/src/ofxAssimpAnimation.h; sourceTree = SOURCE_ROOT; };
		ede55d82bd962dac0e94b708addc77b6 /* ofxAssimpModelLoader.cpp */ = {isa = PBXFileReference; explicitFileType = sourcecode.cpp.cpp; fileEncoding = 30; name = ofxAssimpModelLoader.cpp; path = ../../../addons/ofxAssimpModelLoader/src/ofxAssimpModelLoader.cpp; sourceTree = SOURCE_ROOT; };
		ef450c2b95ca000ce349e0375357e9b8 /* OniDriverAPI.h */ = {isa = PBXFileReference; explicitFileType = sourcecode.c.h; fileEncoding = 30; name = OniDriverAPI.h; path = ../../../addons/ofxNI2/libs/OpenNI2/include/ni2/Driver/OniDriverAPI.h; sourceTree = SOURCE_ROOT; };
		f0bbbd032d905d92679d83e6230f3578 /* ofxAssimpMeshHelper.h */ = {isa = PBXFileReference; explicitFileType = sourcecode.c.h; fileEncoding = 30; name = ofxAssimpMeshHelper.h; path = ../../../addons/ofxAssimpModelLoader/src/ofxAssimpMeshHelper.h; sourceTree = SOURCE_ROOT; };
		f14c9269b9282c3f3ecc4d640a09693b /* OpenNI.h */ = {isa = PBXFileReference; explicitFileType = sourcecode.c.h; fileEncoding = 30; name = OpenNI.h; path = ../../../addons/ofxNI2/libs/OpenNI2/include/ni2/OpenNI.h; sourceTree = SOURCE_ROOT; };
		f3415eaa498df471105eeee6391dec78 /* NiteCTypes.h */ = {isa = PBXFileReference; explicitFileType = sourcecode.c.h; fileEncoding = 30; name = NiteCTypes.h; path = ../../../addons/ofxNI2/libs/NiTE2/include/NiteCTypes.h; sourceTree = SOURCE_ROOT; };
		f67fe68e327befbd4b777571efda413a /* ofxAssimpMeshHelper.cpp */ = {isa = PBXFileReference; explicitFileType = sourcecode.cpp.cpp; fileEncoding = 30; name = ofxAssimpMeshHelper.cpp; path = ../../../addons/ofxAssimpModelLoader/src/ofxAssimpMeshHelper.cpp; sourceTree = SOURCE_ROOT; };
		f82ef0c060cbdac33ab84f2739ec546a /* aiMaterial.h */ = {isa = PBXFileReference; explicitFileType = sourcecode.c.h; fileEncoding = 30; name = aiMaterial.h; path = ../../../addons/ofxAssimpModelLoader/libs/assimp/include/aiMaterial.h; sourceTree = SOURCE_ROOT; };
		f9830f695de8012368b20b63c4841138 /* OniDriverTypes.h */ = {isa = PBXFileReference; explicitFileType = sourcecode.c.h; fileEncoding = 30; name = OniDriverTypes.h; path = ../../../addons/ofxNI2/libs/OpenNI2/include/ni2/Driver/OniDriverTypes.h; sourceTree = SOURCE_ROOT; };
/* End PBXFileReference section */

/* Begin PBXFrameworksBuildPhase section */
		E4B69B590A3A1756003C02F2 /* Frameworks */ = {
			isa = PBXFrameworksBuildPhase;
			buildActionMask = 2147483647;
			files = (
				E7F985F815E0DEA3003869B5 /* Accelerate.framework in Frameworks */,
				E7E077E815D3B6510020DFD4 /* QTKit.framework in Frameworks */,
				E4EB6799138ADC1D00A09F29 /* GLUT.framework in Frameworks */,
				E4328149138ABC9F0047C5CB /* openFrameworksDebug.a in Frameworks */,
				E45BE97B0E8CC7DD009D7055 /* AGL.framework in Frameworks */,
				E45BE97C0E8CC7DD009D7055 /* ApplicationServices.framework in Frameworks */,
				E45BE97D0E8CC7DD009D7055 /* AudioToolbox.framework in Frameworks */,
				E45BE97E0E8CC7DD009D7055 /* Carbon.framework in Frameworks */,
				E45BE97F0E8CC7DD009D7055 /* CoreAudio.framework in Frameworks */,
				E45BE9800E8CC7DD009D7055 /* CoreFoundation.framework in Frameworks */,
				E45BE9810E8CC7DD009D7055 /* CoreServices.framework in Frameworks */,
				E45BE9830E8CC7DD009D7055 /* OpenGL.framework in Frameworks */,
				E45BE9840E8CC7DD009D7055 /* QuickTime.framework in Frameworks */,
				E4C2424710CC5A17004149E2 /* AppKit.framework in Frameworks */,
				E4C2424810CC5A17004149E2 /* Cocoa.framework in Frameworks */,
				E4C2424910CC5A17004149E2 /* IOKit.framework in Frameworks */,
				E7E077E515D3B63C0020DFD4 /* CoreVideo.framework in Frameworks */,
				662EC34B17A68B75007E369D /* Syphon.framework in Frameworks */,
			);
			runOnlyForDeploymentPostprocessing = 0;
		};
/* End PBXFrameworksBuildPhase section */

/* Begin PBXGroup section */
		0f89e66bcb26f9a78844dff5ec30bdcc /* MacOSX */ = {
			isa = PBXGroup;
			children = (
				986f8fa459b3213aebd1de25813b301f /* OniPlatformMacOSX.h */,
			);
			name = MacOSX;
			sourceTree = "<group>";
		};
		163e600e54d5b164aea75b993f2177f5 /* src */ = {
			isa = PBXGroup;
			children = (
				38ef19efe915639d9cf24e91dd76c493 /* ofxNI2.cpp */,
				514f1458b89d2b50385dd6479bef2581 /* ofxNI2.h */,
				cb56539c4eacaab391d1e13194dff05b /* ofxNiTE2.cpp */,
				e79319dfe571d36e5665a2f5815f26b1 /* ofxNiTE2.h */,
				4edae12206e6851df577a164b02ba681 /* utils */,
			);
			name = src;
			sourceTree = "<group>";
		};
		205dd9051edc8fb908b5f39d9536cc01 /* libs */ = {
			isa = PBXGroup;
			children = (
				5b173629d4edaf37b31a64d69cab5031 /* NiTE2 */,
				b1f83f325869b26d1a60d85694f8e104 /* OpenNI2 */,
			);
			name = libs;
			sourceTree = "<group>";
		};
		2c8f245acbe61e28646c17f20b185423 /* ofxAssimpModelLoader */ = {
			isa = PBXGroup;
			children = (
				9d99f547ca5c0eccb9eb980689b7dde9 /* src */,
				c721a9af1157766afe54645eb70f1a7b /* libs */,
			);
			name = ofxAssimpModelLoader;
			sourceTree = "<group>";
		};
		322d4a076387e6af187a6d82a4c6ebb8 /* include */ = {
			isa = PBXGroup;
			children = (
				ade4ca539878485f0a5d015fe04992a7 /* ni2 */,
			);
			name = include;
			sourceTree = "<group>";
		};
		36fd83a2982334ba894b4c24aa813d2a /* ofxNI2 */ = {
			isa = PBXGroup;
			children = (
				163e600e54d5b164aea75b993f2177f5 /* src */,
				205dd9051edc8fb908b5f39d9536cc01 /* libs */,
			);
			name = ofxNI2;
			sourceTree = "<group>";
		};
		4edae12206e6851df577a164b02ba681 /* utils */ = {
			isa = PBXGroup;
			children = (
				0a58fc678619ffd2840e1e733d146c0f /* AssimpModel.h */,
				99d38aa34a91a2409675bd86d51b3c58 /* DepthRemapToRange.h */,
				693116443f408097fadab561dea44012 /* DepthReprojection.h */,
				a13203a8b3f7f5188f617b91cb7dbe70 /* DoubleBuffer.h */,
				e966ed7b4a092f33d5cf8561a613d784 /* MeshGenerator.h */,
				6948c3ea254b73f9a0c8dc47dcd22338 /* TimedomainMedianFilter.h */,
			);
			name = utils;
			sourceTree = "<group>";
		};
		59905d957fde48902cf1f72978ddcb13 /* assimp */ = {
			isa = PBXGroup;
			children = (
				eefdd7ae0009ae6f77ef2a937399e1cd /* include */,
			);
			name = assimp;
			sourceTree = "<group>";
		};
		5b173629d4edaf37b31a64d69cab5031 /* NiTE2 */ = {
			isa = PBXGroup;
			children = (
				61c41789ebac7237006bcb1758a27b7c /* include */,
			);
			name = NiTE2;
			sourceTree = "<group>";
		};
		61c41789ebac7237006bcb1758a27b7c /* include */ = {
			isa = PBXGroup;
			children = (
				3af80aa3d795eecc0141e49789e1b0c6 /* NiTE.h */,
				1cc0aefe592601759aa6b7662cba708d /* NiteCAPI.h */,
				8a201f3f6e819dc68a45df7185267a47 /* NiteCEnums.h */,
				f3415eaa498df471105eeee6391dec78 /* NiteCTypes.h */,
				46bcaf8b60026e14cac6c5d200eceb6c /* NiteEnums.h */,
				728719b93f438a61b85fc443b4543540 /* NiteVersion.h */,
			);
			name = include;
			sourceTree = "<group>";
		};
		662EC2EC17A68B75007E369D /* ofxOsc */ = {
			isa = PBXGroup;
			children = (
				662EC2ED17A68B75007E369D /* libs */,
				662EC30A17A68B75007E369D /* src */,
			);
			name = ofxOsc;
			path = ../../../addons/ofxOsc;
			sourceTree = "<group>";
		};
		662EC2ED17A68B75007E369D /* libs */ = {
			isa = PBXGroup;
			children = (
				662EC2EE17A68B75007E369D /* oscpack */,
			);
			path = libs;
			sourceTree = "<group>";
		};
		662EC2EE17A68B75007E369D /* oscpack */ = {
			isa = PBXGroup;
			children = (
				662EC2EF17A68B75007E369D /* src */,
			);
			path = oscpack;
			sourceTree = "<group>";
		};
		662EC2EF17A68B75007E369D /* src */ = {
			isa = PBXGroup;
			children = (
				662EC2F017A68B75007E369D /* ip */,
				662EC2FD17A68B75007E369D /* osc */,
			);
			path = src;
			sourceTree = "<group>";
		};
		662EC2F017A68B75007E369D /* ip */ = {
			isa = PBXGroup;
			children = (
				662EC2F117A68B75007E369D /* IpEndpointName.cpp */,
				662EC2F217A68B75007E369D /* IpEndpointName.h */,
				662EC2F317A68B75007E369D /* NetworkingUtils.h */,
				662EC2F417A68B75007E369D /* PacketListener.h */,
				662EC2F517A68B75007E369D /* posix */,
				662EC2F817A68B75007E369D /* TimerListener.h */,
				662EC2F917A68B75007E369D /* UdpSocket.h */,
				662EC2FA17A68B75007E369D /* win32 */,
			);
			path = ip;
			sourceTree = "<group>";
		};
		662EC2F517A68B75007E369D /* posix */ = {
			isa = PBXGroup;
			children = (
				662EC2F617A68B75007E369D /* NetworkingUtils.cpp */,
				662EC2F717A68B75007E369D /* UdpSocket.cpp */,
			);
			path = posix;
			sourceTree = "<group>";
		};
		662EC2FA17A68B75007E369D /* win32 */ = {
			isa = PBXGroup;
			children = (
				662EC2FB17A68B75007E369D /* NetworkingUtilsWin.cpp */,
				662EC2FC17A68B75007E369D /* UdpSocketWin.cpp */,
			);
			path = win32;
			sourceTree = "<group>";
		};
		662EC2FD17A68B75007E369D /* osc */ = {
			isa = PBXGroup;
			children = (
				662EC2FE17A68B75007E369D /* MessageMappingOscPacketListener.h */,
				662EC2FF17A68B75007E369D /* OscException.h */,
				662EC30017A68B75007E369D /* OscHostEndianness.h */,
				662EC30117A68B75007E369D /* OscOutboundPacketStream.cpp */,
				662EC30217A68B75007E369D /* OscOutboundPacketStream.h */,
				662EC30317A68B75007E369D /* OscPacketListener.h */,
				662EC30417A68B75007E369D /* OscPrintReceivedElements.cpp */,
				662EC30517A68B75007E369D /* OscPrintReceivedElements.h */,
				662EC30617A68B75007E369D /* OscReceivedElements.cpp */,
				662EC30717A68B75007E369D /* OscReceivedElements.h */,
				662EC30817A68B75007E369D /* OscTypes.cpp */,
				662EC30917A68B75007E369D /* OscTypes.h */,
			);
			path = osc;
			sourceTree = "<group>";
		};
		662EC30A17A68B75007E369D /* src */ = {
			isa = PBXGroup;
			children = (
				662EC30B17A68B75007E369D /* ofxOsc.h */,
				662EC30C17A68B75007E369D /* ofxOscArg.h */,
				662EC30D17A68B75007E369D /* ofxOscBundle.cpp */,
				662EC30E17A68B75007E369D /* ofxOscBundle.h */,
				662EC30F17A68B75007E369D /* ofxOscMessage.cpp */,
				662EC31017A68B75007E369D /* ofxOscMessage.h */,
				662EC31117A68B75007E369D /* ofxOscReceiver.cpp */,
				662EC31217A68B75007E369D /* ofxOscReceiver.h */,
				662EC31317A68B75007E369D /* ofxOscSender.cpp */,
				662EC31417A68B75007E369D /* ofxOscSender.h */,
			);
			path = src;
			sourceTree = "<group>";
		};
		662EC31517A68B75007E369D /* ofxSyphon */ = {
			isa = PBXGroup;
			children = (
				662EC32817A68B75007E369D /* libs */,
				662EC33017A68B75007E369D /* README.md */,
				662EC33117A68B75007E369D /* src */,
			);
			name = ofxSyphon;
			path = ../../../addons/ofxSyphon;
			sourceTree = "<group>";
		};
		662EC32817A68B75007E369D /* libs */ = {
			isa = PBXGroup;
			children = (
				662EC32917A68B75007E369D /* Syphon */,
			);
			path = libs;
			sourceTree = "<group>";
		};
		662EC32917A68B75007E369D /* Syphon */ = {
			isa = PBXGroup;
			children = (
				662EC32A17A68B75007E369D /* lib */,
				662EC32D17A68B75007E369D /* src */,
			);
			path = Syphon;
			sourceTree = "<group>";
		};
		662EC32A17A68B75007E369D /* lib */ = {
			isa = PBXGroup;
			children = (
				662EC32B17A68B75007E369D /* osx */,
			);
			path = lib;
			sourceTree = "<group>";
		};
		662EC32B17A68B75007E369D /* osx */ = {
			isa = PBXGroup;
			children = (
				662EC32C17A68B75007E369D /* Syphon.framework */,
			);
			path = osx;
			sourceTree = "<group>";
		};
		662EC32D17A68B75007E369D /* src */ = {
			isa = PBXGroup;
			children = (
				662EC32E17A68B75007E369D /* SyphonNameboundClient.h */,
				662EC32F17A68B75007E369D /* SyphonNameboundClient.m */,
			);
			path = src;
			sourceTree = "<group>";
		};
		662EC33117A68B75007E369D /* src */ = {
			isa = PBXGroup;
			children = (
				662EC33217A68B75007E369D /* ofxSyphon.h */,
				662EC33317A68B75007E369D /* ofxSyphonClient.h */,
				662EC33417A68B75007E369D /* ofxSyphonClient.mm */,
				662EC33517A68B75007E369D /* ofxSyphonServer.h */,
				662EC33617A68B75007E369D /* ofxSyphonServer.mm */,
			);
			path = src;
			sourceTree = "<group>";
		};
		6eb1492f519cec14887d752f8739bab0 /* Win32 */ = {
			isa = PBXGroup;
			children = (
				2d6e76763f7f1b29da42351fda06d2d7 /* OniPlatformWin32.h */,
			);
			name = Win32;
			sourceTree = "<group>";
		};
		93a9152986a73da32dbd796433b96c9f /* Compiler */ = {
			isa = PBXGroup;
			children = (
				1aa18353f9701b01731dfadf228466c5 /* poppack1.h */,
				65bac5a3b9c9387859a2b0e01dd0c5e7 /* pushpack1.h */,
			);
			name = Compiler;
			sourceTree = "<group>";
		};
		9d99f547ca5c0eccb9eb980689b7dde9 /* src */ = {
			isa = PBXGroup;
			children = (
				36068d6c1d6d412786a5c4c1868cfb5e /* ofxAssimpAnimation.cpp */,
				ea83df139b3f2085c1a56c4902af4dd8 /* ofxAssimpAnimation.h */,
				f67fe68e327befbd4b777571efda413a /* ofxAssimpMeshHelper.cpp */,
				f0bbbd032d905d92679d83e6230f3578 /* ofxAssimpMeshHelper.h */,
				ede55d82bd962dac0e94b708addc77b6 /* ofxAssimpModelLoader.cpp */,
				7df381f656e8fd352e21346e62796c7d /* ofxAssimpModelLoader.h */,
				4fae4a0f69a8990513603bdfb5377e20 /* ofxAssimpUtils.h */,
			);
			name = src;
			sourceTree = "<group>";
		};
		BB4B014C10F69532006C3DED /* addons */ = {
			isa = PBXGroup;
			children = (
				662EC2EC17A68B75007E369D /* ofxOsc */,
				662EC31517A68B75007E369D /* ofxSyphon */,
				2c8f245acbe61e28646c17f20b185423 /* ofxAssimpModelLoader */,
				36fd83a2982334ba894b4c24aa813d2a /* ofxNI2 */,
			);
			name = addons;
			sourceTree = "<group>";
		};
		BBAB23C913894ECA00AA2426 /* system frameworks */ = {
			isa = PBXGroup;
			children = (
				E7F985F515E0DE99003869B5 /* Accelerate.framework */,
				E4C2424410CC5A17004149E2 /* AppKit.framework */,
				E4C2424510CC5A17004149E2 /* Cocoa.framework */,
				E4C2424610CC5A17004149E2 /* IOKit.framework */,
				E45BE9710E8CC7DD009D7055 /* AGL.framework */,
				E45BE9720E8CC7DD009D7055 /* ApplicationServices.framework */,
				E45BE9730E8CC7DD009D7055 /* AudioToolbox.framework */,
				E45BE9740E8CC7DD009D7055 /* Carbon.framework */,
				E45BE9750E8CC7DD009D7055 /* CoreAudio.framework */,
				E45BE9760E8CC7DD009D7055 /* CoreFoundation.framework */,
				E45BE9770E8CC7DD009D7055 /* CoreServices.framework */,
				E45BE9790E8CC7DD009D7055 /* OpenGL.framework */,
				E45BE97A0E8CC7DD009D7055 /* QuickTime.framework */,
				E7E077E415D3B63C0020DFD4 /* CoreVideo.framework */,
				E7E077E715D3B6510020DFD4 /* QTKit.framework */,
			);
			name = "system frameworks";
			sourceTree = "<group>";
		};
		BBAB23CA13894EDB00AA2426 /* 3rd party frameworks */ = {
			isa = PBXGroup;
			children = (
				BBAB23BE13894E4700AA2426 /* GLUT.framework */,
			);
			name = "3rd party frameworks";
			sourceTree = "<group>";
		};
		C3901F6B17AC1A5300B562EC /* born */ = {
			isa = PBXGroup;
			children = (
			);
			name = born;
			sourceTree = "<group>";
		};
		C3901F6C17AC1B0700B562EC /* lib */ = {
			isa = PBXGroup;
			children = (
			);
			name = lib;
			sourceTree = "<group>";
		};
		C3FD928B17A69A9000B99F99 /* ni */ = {
			isa = PBXGroup;
			children = (
				C3FD928C17A69AB100B99F99 /* niController.cpp */,
				C3FD928D17A69AB100B99F99 /* niConroller.h */,
			);
			name = ni;
			sourceTree = "<group>";
		};
		E4328144138ABC890047C5CB /* Products */ = {
			isa = PBXGroup;
			children = (
				E4328148138ABC890047C5CB /* openFrameworksDebug.a */,
			);
			name = Products;
			sourceTree = "<group>";
		};
		E45BE5980E8CC70C009D7055 /* frameworks */ = {
			isa = PBXGroup;
			children = (
				BBAB23CA13894EDB00AA2426 /* 3rd party frameworks */,
				BBAB23C913894ECA00AA2426 /* system frameworks */,
			);
			name = frameworks;
			sourceTree = "<group>";
		};
		E4B69B4A0A3A1720003C02F2 = {
			isa = PBXGroup;
			children = (
				E4B6FCAD0C3E899E008CF71C /* openFrameworks-Info.plist */,
				E4EB6923138AFD0F00A09F29 /* Project.xcconfig */,
				E4B69E1C0A3A1BDC003C02F2 /* src */,
				E4EEC9E9138DF44700A80321 /* openFrameworks */,
				BB4B014C10F69532006C3DED /* addons */,
				E45BE5980E8CC70C009D7055 /* frameworks */,
				E4B69B5B0A3A1756003C02F2 /* comaDisqDebug.app */,
			);
			sourceTree = "<group>";
		};
		E4B69E1C0A3A1BDC003C02F2 /* src */ = {
			isa = PBXGroup;
			children = (
				C3901F6C17AC1B0700B562EC /* lib */,
				C3901F6B17AC1A5300B562EC /* born */,
				C3FD928B17A69A9000B99F99 /* ni */,
				E4B69E1D0A3A1BDC003C02F2 /* main.cpp */,
				E4B69E1E0A3A1BDC003C02F2 /* comaDisq.cpp */,
				E4B69E1F0A3A1BDC003C02F2 /* comaDisq.h */,
			);
			path = src;
			sourceTree = SOURCE_ROOT;
		};
		E4EEC9E9138DF44700A80321 /* openFrameworks */ = {
			isa = PBXGroup;
			children = (
				E4EB691F138AFCF100A09F29 /* CoreOF.xcconfig */,
				E4328143138ABC890047C5CB /* openFrameworksLib.xcodeproj */,
			);
			name = openFrameworks;
			sourceTree = "<group>";
		};
		ade4ca539878485f0a5d015fe04992a7 /* ni2 */ = {
			isa = PBXGroup;
			children = (
				de2011e3b04e502352b1948e2a2e4b6b /* Android-Arm */,
				dec1f53b6684d2dcdbb97b0817977024 /* Driver */,
				af25ee23ceda29d72ef7e22707d7fa40 /* Linux-Arm */,
				b441602b4988d56d0e665a2f7080e72b /* Linux-x86 */,
				0f89e66bcb26f9a78844dff5ec30bdcc /* MacOSX */,
				8493ae107518efdb3a6f4e75cc50e65f /* OniCAPI.h */,
				e0125f004d3e962d9df20936c9bf70a0 /* OniCEnums.h */,
				66b83fd2427258cc34ce748a0c7f5884 /* OniCProperties.h */,
				60bbbad461d233ec2be998a924bfafde /* OniCTypes.h */,
				4e1df11e6cc6d490d7837d0e0b19df0a /* OniEnums.h */,
				6566cafa01627bc29b593c5d00230d71 /* OniPlatform.h */,
				5643ff14417b90372963dfe339002e0a /* OniProperties.h */,
				4f406a9b2cb220b80a79084fadb6f2e8 /* OniVersion.h */,
				f14c9269b9282c3f3ecc4d640a09693b /* OpenNI.h */,
				d58791be51c7b698ae48cd83d7932133 /* PS1080.h */,
				6eb1492f519cec14887d752f8739bab0 /* Win32 */,
			);
			name = ni2;
			sourceTree = "<group>";
		};
		af25ee23ceda29d72ef7e22707d7fa40 /* Linux-Arm */ = {
			isa = PBXGroup;
			children = (
				22529a1673c6b6b14b032d78b4b5747b /* OniPlatformLinux-Arm.h */,
			);
			name = "Linux-Arm";
			sourceTree = "<group>";
		};
		b1f83f325869b26d1a60d85694f8e104 /* OpenNI2 */ = {
			isa = PBXGroup;
			children = (
				322d4a076387e6af187a6d82a4c6ebb8 /* include */,
			);
			name = OpenNI2;
			sourceTree = "<group>";
		};
		b441602b4988d56d0e665a2f7080e72b /* Linux-x86 */ = {
			isa = PBXGroup;
			children = (
				35e5e560765f3db376595dc272708223 /* OniPlatformLinux-x86.h */,
			);
			name = "Linux-x86";
			sourceTree = "<group>";
		};
		c721a9af1157766afe54645eb70f1a7b /* libs */ = {
			isa = PBXGroup;
			children = (
				59905d957fde48902cf1f72978ddcb13 /* assimp */,
			);
			name = libs;
			sourceTree = "<group>";
		};
		de2011e3b04e502352b1948e2a2e4b6b /* Android-Arm */ = {
			isa = PBXGroup;
			children = (
				585773fdb62c014c4937d19ffbb1793d /* OniPlatformAndroid-Arm.h */,
			);
			name = "Android-Arm";
			sourceTree = "<group>";
		};
		dec1f53b6684d2dcdbb97b0817977024 /* Driver */ = {
			isa = PBXGroup;
			children = (
				ef450c2b95ca000ce349e0375357e9b8 /* OniDriverAPI.h */,
				f9830f695de8012368b20b63c4841138 /* OniDriverTypes.h */,
			);
			name = Driver;
			sourceTree = "<group>";
		};
		eefdd7ae0009ae6f77ef2a937399e1cd /* include */ = {
			isa = PBXGroup;
			children = (
				907f2521dc2465da06c6af1d1c18c799 /* aiAnim.h */,
				1eaed5cffef5186b868078917fbc5992 /* aiAssert.h */,
				838b1d2c3319363cf8762b067909ebfc /* aiCamera.h */,
				1b2b8dd25ba5cc157bedbcf0a4512832 /* aiColor4D.h */,
				3dbacca958271ecb22f7ab67d74a49ce /* aiConfig.h */,
				7da8f80a221c83c141fd02b1bf0fd401 /* aiDefines.h */,
				7376e26531d91026464d8c58a27b7069 /* aiFileIO.h */,
				411b9b9bc0591439d8f0b056069b76d2 /* aiLight.h */,
				f82ef0c060cbdac33ab84f2739ec546a /* aiMaterial.h */,
				8504ff32a0062075b2b34f3ce8f21a72 /* aiMatrix3x3.h */,
				cb6e898fb329c46ec3def46127b7f74e /* aiMatrix4x4.h */,
				5e154ce6eae1c51e3e6c3afe877468db /* aiMesh.h */,
				b170ee628be77202946345e5f0de71e9 /* aiPostProcess.h */,
				da9359f0f209e6a0b17ddb7d2000d1a0 /* aiQuaternion.h */,
				8eb7e3aa842b22a0d284ea31e39e4301 /* aiScene.h */,
				c878437fc072e5d613f2495ac838b698 /* aiTexture.h */,
				9812ab5b873dce671edd4e6ddd281e54 /* aiTypes.h */,
				28904a3f685cce2d22b588e9936f112b /* aiVector2D.h */,
				e15a2aa8d846b3107aacc31edd2b9a3b /* aiVector3D.h */,
				c72403edcb7dcaec60d1dcdd13017e0c /* aiVersion.h */,
				564045ef0424b7037832d90382f88900 /* assimp.h */,
				53ea0e889f34624ce3313e04cd77bdc4 /* assimp.hpp */,
				93a9152986a73da32dbd796433b96c9f /* Compiler */,
				9d3fbfbcc1ee3203c85613ccf7e80431 /* DefaultLogger.h */,
				cc940533e79102644e0eba5599fb0fb6 /* IOStream.h */,
				8ebbbb59caed1e54f37c7038f27990ee /* IOSystem.h */,
				55b81b66e9935717c0fb91416f3db68f /* Logger.h */,
				12a495636e8f8086e17251c020a83154 /* LogStream.h */,
				c5527ea29f52ffa0c868e1b945f4c509 /* NullLogger.h */,
				0d3785e8f7feb9257fea2d7d3e2823e6 /* ProgressHandler.h */,
			);
			name = include;
			sourceTree = "<group>";
		};
/* End PBXGroup section */

/* Begin PBXNativeTarget section */
		E4B69B5A0A3A1756003C02F2 /* comaDisq */ = {
			isa = PBXNativeTarget;
			buildConfigurationList = E4B69B5F0A3A1757003C02F2 /* Build configuration list for PBXNativeTarget "comaDisq" */;
			buildPhases = (
				E4B69B580A3A1756003C02F2 /* Sources */,
				E4B69B590A3A1756003C02F2 /* Frameworks */,
				E4B6FFFD0C3F9AB9008CF71C /* ShellScript */,
				E4C2427710CC5ABF004149E2 /* CopyFiles */,
			);
			buildRules = (
			);
			dependencies = (
				E4EEB9AC138B136A00A80321 /* PBXTargetDependency */,
			);
			name = comaDisq;
			productName = myOFApp;
			productReference = E4B69B5B0A3A1756003C02F2 /* comaDisqDebug.app */;
			productType = "com.apple.product-type.application";
		};
/* End PBXNativeTarget section */

/* Begin PBXProject section */
		E4B69B4C0A3A1720003C02F2 /* Project object */ = {
			isa = PBXProject;
			buildConfigurationList = E4B69B4D0A3A1720003C02F2 /* Build configuration list for PBXProject "comaDisq" */;
			compatibilityVersion = "Xcode 2.4";
			developmentRegion = English;
			hasScannedForEncodings = 0;
			knownRegions = (
				English,
				Japanese,
				French,
				German,
			);
			mainGroup = E4B69B4A0A3A1720003C02F2;
			productRefGroup = E4B69B4A0A3A1720003C02F2;
			projectDirPath = "";
			projectReferences = (
				{
					ProductGroup = E4328144138ABC890047C5CB /* Products */;
					ProjectRef = E4328143138ABC890047C5CB /* openFrameworksLib.xcodeproj */;
				},
			);
			projectRoot = "";
			targets = (
				E4B69B5A0A3A1756003C02F2 /* comaDisq */,
			);
		};
/* End PBXProject section */

/* Begin PBXReferenceProxy section */
		E4328148138ABC890047C5CB /* openFrameworksDebug.a */ = {
			isa = PBXReferenceProxy;
			fileType = archive.ar;
			path = openFrameworksDebug.a;
			remoteRef = E4328147138ABC890047C5CB /* PBXContainerItemProxy */;
			sourceTree = BUILT_PRODUCTS_DIR;
		};
/* End PBXReferenceProxy section */

/* Begin PBXShellScriptBuildPhase section */
		E4B6FFFD0C3F9AB9008CF71C /* ShellScript */ = {
			isa = PBXShellScriptBuildPhase;
			buildActionMask = 2147483647;
			files = (
			);
			inputPaths = (
			);
			outputPaths = (
			);
			runOnlyForDeploymentPostprocessing = 0;
			shellPath = /bin/sh;
			shellScript = "cp -f ../../../libs/fmodex/lib/osx/libfmodex.dylib \"$TARGET_BUILD_DIR/$PRODUCT_NAME.app/Contents/MacOS/libfmodex.dylib\"; install_name_tool -change ./libfmodex.dylib @executable_path/libfmodex.dylib \"$TARGET_BUILD_DIR/$PRODUCT_NAME.app/Contents/MacOS/$PRODUCT_NAME\";\n\ncp -R ../../../addons/ofxNI2/libs/OpenNI2/lib/osx/ \"$TARGET_BUILD_DIR/$PRODUCT_NAME.app/Contents/MacOS/\";\ncp -R ../../../addons/ofxNI2/libs/NiTE2/lib/osx/ \"$TARGET_BUILD_DIR/$PRODUCT_NAME.app/Contents/MacOS/\";";
		};
/* End PBXShellScriptBuildPhase section */

/* Begin PBXSourcesBuildPhase section */
		E4B69B580A3A1756003C02F2 /* Sources */ = {
			isa = PBXSourcesBuildPhase;
			buildActionMask = 2147483647;
			files = (
				E4B69E200A3A1BDC003C02F2 /* main.cpp in Sources */,
				E4B69E210A3A1BDC003C02F2 /* comaDisq.cpp in Sources */,
				3b8120368b4fccd80883baf3128d1467 /* ofxAssimpAnimation.cpp in Sources */,
				483fa4f6d5fa6422c559b1f561a220b1 /* ofxAssimpMeshHelper.cpp in Sources */,
				8ded5056525646fa71980866dad7cfd5 /* ofxAssimpModelLoader.cpp in Sources */,
				40c55f69f602d3be3d8c040cc46a0d67 /* ofxNI2.cpp in Sources */,
				dfa805c945270bcae6824dc1c76f6a2b /* ofxNiTE2.cpp in Sources */,
				662EC33C17A68B75007E369D /* IpEndpointName.cpp in Sources */,
				662EC33D17A68B75007E369D /* NetworkingUtils.cpp in Sources */,
				662EC33E17A68B75007E369D /* UdpSocket.cpp in Sources */,
				662EC33F17A68B75007E369D /* NetworkingUtilsWin.cpp in Sources */,
				662EC34017A68B75007E369D /* UdpSocketWin.cpp in Sources */,
				662EC34117A68B75007E369D /* OscOutboundPacketStream.cpp in Sources */,
				662EC34217A68B75007E369D /* OscPrintReceivedElements.cpp in Sources */,
				662EC34317A68B75007E369D /* OscReceivedElements.cpp in Sources */,
				662EC34417A68B75007E369D /* OscTypes.cpp in Sources */,
				662EC34517A68B75007E369D /* ofxOscBundle.cpp in Sources */,
				662EC34617A68B75007E369D /* ofxOscMessage.cpp in Sources */,
				662EC34717A68B75007E369D /* ofxOscReceiver.cpp in Sources */,
				662EC34817A68B75007E369D /* ofxOscSender.cpp in Sources */,
				662EC34C17A68B75007E369D /* SyphonNameboundClient.m in Sources */,
				662EC34D17A68B75007E369D /* ofxSyphonClient.mm in Sources */,
				662EC34E17A68B75007E369D /* ofxSyphonServer.mm in Sources */,
				C3FD928E17A69AB100B99F99 /* niController.cpp in Sources */,
			);
			runOnlyForDeploymentPostprocessing = 0;
		};
/* End PBXSourcesBuildPhase section */

/* Begin PBXTargetDependency section */
		E4EEB9AC138B136A00A80321 /* PBXTargetDependency */ = {
			isa = PBXTargetDependency;
			name = openFrameworks;
			targetProxy = E4EEB9AB138B136A00A80321 /* PBXContainerItemProxy */;
		};
/* End PBXTargetDependency section */

/* Begin XCBuildConfiguration section */
		E4B69B4E0A3A1720003C02F2 /* Debug */ = {
			isa = XCBuildConfiguration;
			baseConfigurationReference = E4EB6923138AFD0F00A09F29 /* Project.xcconfig */;
			buildSettings = {
				ARCHS = "$(NATIVE_ARCH)";
				CONFIGURATION_BUILD_DIR = "$(SRCROOT)/bin/";
				COPY_PHASE_STRIP = NO;
				DEAD_CODE_STRIPPING = YES;
				GCC_AUTO_VECTORIZATION = YES;
				GCC_ENABLE_SSE3_EXTENSIONS = YES;
				GCC_ENABLE_SUPPLEMENTAL_SSE3_INSTRUCTIONS = YES;
				GCC_INLINES_ARE_PRIVATE_EXTERN = NO;
				GCC_OPTIMIZATION_LEVEL = 0;
				GCC_SYMBOLS_PRIVATE_EXTERN = NO;
				GCC_WARN_ABOUT_DEPRECATED_FUNCTIONS = YES;
				GCC_WARN_ABOUT_INVALID_OFFSETOF_MACRO = NO;
				GCC_WARN_ALLOW_INCOMPLETE_PROTOCOL = NO;
				GCC_WARN_UNINITIALIZED_AUTOS = NO;
				GCC_WARN_UNUSED_VALUE = NO;
				GCC_WARN_UNUSED_VARIABLE = NO;
				HEADER_SEARCH_PATHS = (
					"$(OF_CORE_HEADERS)",
					"$(OFX_OSC_HEADERS)",
					../../../addons/ofxAssimpModelLoader/libs,
					../../../addons/ofxAssimpModelLoader/libs/assimp,
					../../../addons/ofxAssimpModelLoader/libs/assimp/include,
					../../../addons/ofxAssimpModelLoader/libs/assimp/include/Compiler,
					../../../addons/ofxAssimpModelLoader/libs/assimp/lib,
					../../../addons/ofxAssimpModelLoader/libs/assimp/lib/osx,
					../../../addons/ofxAssimpModelLoader/src,
					../../../addons/ofxCv/libs,
					../../../addons/ofxCv/libs/ofxCv,
					../../../addons/ofxCv/libs/ofxCv/include,
					../../../addons/ofxCv/libs/ofxCv/include/ofxCv,
					../../../addons/ofxCv/libs/ofxCv/src,
					../../../addons/ofxCv/src,
					../../../addons/ofxNI2/libs,
					../../../addons/ofxNI2/libs/NiTE2,
					../../../addons/ofxNI2/libs/NiTE2/include,
					../../../addons/ofxNI2/libs/NiTE2/lib,
					../../../addons/ofxNI2/libs/NiTE2/lib/osx,
					../../../addons/ofxNI2/libs/NiTE2/lib/osx/NiTE2,
					../../../addons/ofxNI2/libs/NiTE2/lib/osx/NiTE2/Data,
					../../../addons/ofxNI2/libs/OpenNI2,
					../../../addons/ofxNI2/libs/OpenNI2/include,
					../../../addons/ofxNI2/libs/OpenNI2/include/ni2,
					"../../../addons/ofxNI2/libs/OpenNI2/include/ni2/Android-Arm",
					../../../addons/ofxNI2/libs/OpenNI2/include/ni2/Driver,
					"../../../addons/ofxNI2/libs/OpenNI2/include/ni2/Linux-Arm",
					"../../../addons/ofxNI2/libs/OpenNI2/include/ni2/Linux-x86",
					../../../addons/ofxNI2/libs/OpenNI2/include/ni2/MacOSX,
					../../../addons/ofxNI2/libs/OpenNI2/include/ni2/Win32,
					../../../addons/ofxNI2/libs/OpenNI2/lib,
					../../../addons/ofxNI2/libs/OpenNI2/lib/osx,
					../../../addons/ofxNI2/libs/OpenNI2/lib/osx/Drivers,
					../../../addons/ofxNI2/src,
					../../../addons/ofxNI2/src/utils,
				);
				INFOPLIST_OUTPUT_FORMAT = binary;
				OTHER_CPLUSPLUSFLAGS = (
					"-D__MACOSX_CORE__",
					"-lpthread",
					"-mtune=native",
				);
				OTHER_LDFLAGS = (
					"$(OF_CORE_LIBS)",
					../../../addons/ofxAssimpModelLoader/libs/assimp/lib/osx/assimp.a,
					../../../addons/ofxNI2/libs/NiTE2/lib/osx/libNiTE2.dylib,
					../../../addons/ofxNI2/libs/OpenNI2/lib/osx/Drivers/libFreenectDriver.dylib,
					../../../addons/ofxNI2/libs/OpenNI2/lib/osx/Drivers/libOniFile.dylib,
					../../../addons/ofxNI2/libs/OpenNI2/lib/osx/Drivers/libPS1080.dylib,
					../../../addons/ofxNI2/libs/OpenNI2/lib/osx/libOpenNI2.dylib,
				);
				SDKROOT = macosx;
			};
			name = Debug;
		};
		E4B69B4F0A3A1720003C02F2 /* Release */ = {
			isa = XCBuildConfiguration;
			baseConfigurationReference = E4EB6923138AFD0F00A09F29 /* Project.xcconfig */;
			buildSettings = {
				ARCHS = "$(NATIVE_ARCH)";
				CONFIGURATION_BUILD_DIR = "$(SRCROOT)/bin/";
				COPY_PHASE_STRIP = YES;
				DEAD_CODE_STRIPPING = YES;
				GCC_AUTO_VECTORIZATION = YES;
				GCC_ENABLE_SSE3_EXTENSIONS = YES;
				GCC_ENABLE_SUPPLEMENTAL_SSE3_INSTRUCTIONS = YES;
				GCC_INLINES_ARE_PRIVATE_EXTERN = NO;
				GCC_OPTIMIZATION_LEVEL = 3;
				GCC_SYMBOLS_PRIVATE_EXTERN = NO;
				GCC_UNROLL_LOOPS = YES;
				GCC_WARN_ABOUT_DEPRECATED_FUNCTIONS = YES;
				GCC_WARN_ABOUT_INVALID_OFFSETOF_MACRO = NO;
				GCC_WARN_ALLOW_INCOMPLETE_PROTOCOL = NO;
				GCC_WARN_UNINITIALIZED_AUTOS = NO;
				GCC_WARN_UNUSED_VALUE = NO;
				GCC_WARN_UNUSED_VARIABLE = NO;
				HEADER_SEARCH_PATHS = (
					"$(OF_CORE_HEADERS)",
					"$(OFX_OSC_HEADERS)",
					../../../addons/ofxAssimpModelLoader/libs,
					../../../addons/ofxAssimpModelLoader/libs/assimp,
					../../../addons/ofxAssimpModelLoader/libs/assimp/include,
					../../../addons/ofxAssimpModelLoader/libs/assimp/include/Compiler,
					../../../addons/ofxAssimpModelLoader/libs/assimp/lib,
					../../../addons/ofxAssimpModelLoader/libs/assimp/lib/osx,
					../../../addons/ofxAssimpModelLoader/src,
					../../../addons/ofxCv/libs,
					../../../addons/ofxCv/libs/ofxCv,
					../../../addons/ofxCv/libs/ofxCv/include,
					../../../addons/ofxCv/libs/ofxCv/include/ofxCv,
					../../../addons/ofxCv/libs/ofxCv/src,
					../../../addons/ofxCv/src,
					../../../addons/ofxNI2/libs,
					../../../addons/ofxNI2/libs/NiTE2,
					../../../addons/ofxNI2/libs/NiTE2/include,
					../../../addons/ofxNI2/libs/NiTE2/lib,
					../../../addons/ofxNI2/libs/NiTE2/lib/osx,
					../../../addons/ofxNI2/libs/NiTE2/lib/osx/NiTE2,
					../../../addons/ofxNI2/libs/NiTE2/lib/osx/NiTE2/Data,
					../../../addons/ofxNI2/libs/OpenNI2,
					../../../addons/ofxNI2/libs/OpenNI2/include,
					../../../addons/ofxNI2/libs/OpenNI2/include/ni2,
					"../../../addons/ofxNI2/libs/OpenNI2/include/ni2/Android-Arm",
					../../../addons/ofxNI2/libs/OpenNI2/include/ni2/Driver,
					"../../../addons/ofxNI2/libs/OpenNI2/include/ni2/Linux-Arm",
					"../../../addons/ofxNI2/libs/OpenNI2/include/ni2/Linux-x86",
					../../../addons/ofxNI2/libs/OpenNI2/include/ni2/MacOSX,
					../../../addons/ofxNI2/libs/OpenNI2/include/ni2/Win32,
					../../../addons/ofxNI2/libs/OpenNI2/lib,
					../../../addons/ofxNI2/libs/OpenNI2/lib/osx,
					../../../addons/ofxNI2/libs/OpenNI2/lib/osx/Drivers,
					../../../addons/ofxNI2/src,
					../../../addons/ofxNI2/src/utils,
				);
				INFOPLIST_OUTPUT_FORMAT = binary;
				OTHER_CPLUSPLUSFLAGS = (
					"-D__MACOSX_CORE__",
					"-lpthread",
					"-mtune=native",
				);
				OTHER_LDFLAGS = (
					"$(OF_CORE_LIBS)",
					../../../addons/ofxAssimpModelLoader/libs/assimp/lib/osx/assimp.a,
					../../../addons/ofxNI2/libs/NiTE2/lib/osx/libNiTE2.dylib,
					../../../addons/ofxNI2/libs/OpenNI2/lib/osx/Drivers/libFreenectDriver.dylib,
					../../../addons/ofxNI2/libs/OpenNI2/lib/osx/Drivers/libOniFile.dylib,
					../../../addons/ofxNI2/libs/OpenNI2/lib/osx/Drivers/libPS1080.dylib,
					../../../addons/ofxNI2/libs/OpenNI2/lib/osx/libOpenNI2.dylib,
				);
				SDKROOT = macosx;
			};
			name = Release;
		};
		E4B69B600A3A1757003C02F2 /* Debug */ = {
			isa = XCBuildConfiguration;
			buildSettings = {
				COPY_PHASE_STRIP = NO;
				FRAMEWORK_SEARCH_PATHS = (
					"$(inherited)",
					"$(FRAMEWORK_SEARCH_PATHS_QUOTED_FOR_TARGET_1)",
					"$(FRAMEWORK_SEARCH_PATHS_QUOTED_FOR_TARGET_2)",
				);
				FRAMEWORK_SEARCH_PATHS_QUOTED_FOR_TARGET_1 = "\"$(SRCROOT)/../../../libs/glut/lib/osx\"";
				FRAMEWORK_SEARCH_PATHS_QUOTED_FOR_TARGET_2 = "\"$(SRCROOT)/../../../addons/ofxSyphon/libs/Syphon/lib/osx\"";
				GCC_DYNAMIC_NO_PIC = NO;
				GCC_ENABLE_FIX_AND_CONTINUE = YES;
				GCC_GENERATE_DEBUGGING_SYMBOLS = YES;
				GCC_MODEL_TUNING = NONE;
				GCC_PRECOMPILE_PREFIX_HEADER = YES;
				GCC_PREFIX_HEADER = "$(SYSTEM_LIBRARY_DIR)/Frameworks/Carbon.framework/Headers/Carbon.h";
				INFOPLIST_FILE = "openFrameworks-Info.plist";
				INSTALL_PATH = "$(HOME)/Applications";
				LIBRARY_SEARCH_PATHS = (
					"$(inherited)",
					"$(LIBRARY_SEARCH_PATHS_QUOTED_FOR_TARGET_1)",
					"$(LIBRARY_SEARCH_PATHS_QUOTED_FOR_TARGET_2)",
					"$(LIBRARY_SEARCH_PATHS_QUOTED_FOR_TARGET_3)",
					"$(LIBRARY_SEARCH_PATHS_QUOTED_FOR_TARGET_4)",
					"$(LIBRARY_SEARCH_PATHS_QUOTED_FOR_TARGET_5)",
					"$(LIBRARY_SEARCH_PATHS_QUOTED_FOR_TARGET_6)",
					"$(LIBRARY_SEARCH_PATHS_QUOTED_FOR_TARGET_7)",
					"$(LIBRARY_SEARCH_PATHS_QUOTED_FOR_TARGET_8)",
					"$(LIBRARY_SEARCH_PATHS_QUOTED_FOR_TARGET_9)",
					"$(LIBRARY_SEARCH_PATHS_QUOTED_FOR_TARGET_10)",
					"$(LIBRARY_SEARCH_PATHS_QUOTED_FOR_TARGET_11)",
					"$(LIBRARY_SEARCH_PATHS_QUOTED_FOR_TARGET_12)",
					"$(LIBRARY_SEARCH_PATHS_QUOTED_FOR_TARGET_13)",
					"$(LIBRARY_SEARCH_PATHS_QUOTED_FOR_TARGET_14)",
					"$(LIBRARY_SEARCH_PATHS_QUOTED_FOR_TARGET_15)",
					"$(LIBRARY_SEARCH_PATHS_QUOTED_FOR_TARGET_2)",
					"$(LIBRARY_SEARCH_PATHS_QUOTED_FOR_TARGET_3)",
					"$(LIBRARY_SEARCH_PATHS_QUOTED_FOR_TARGET_7)",
					"$(LIBRARY_SEARCH_PATHS_QUOTED_FOR_TARGET_8)",
					"$(LIBRARY_SEARCH_PATHS_QUOTED_FOR_TARGET_9)",
					"$(LIBRARY_SEARCH_PATHS_QUOTED_FOR_TARGET_10)",
					"$(LIBRARY_SEARCH_PATHS_QUOTED_FOR_TARGET_11)",
					"$(LIBRARY_SEARCH_PATHS_QUOTED_FOR_TARGET_12)",
					"$(LIBRARY_SEARCH_PATHS_QUOTED_FOR_TARGET_13)",
					"$(LIBRARY_SEARCH_PATHS_QUOTED_FOR_TARGET_16)",
					"$(LIBRARY_SEARCH_PATHS_QUOTED_FOR_TARGET_17)",
					"$(LIBRARY_SEARCH_PATHS_QUOTED_FOR_TARGET_18)",
					"$(LIBRARY_SEARCH_PATHS_QUOTED_FOR_TARGET_19)",
					"$(LIBRARY_SEARCH_PATHS_QUOTED_FOR_TARGET_20)",
					"$(LIBRARY_SEARCH_PATHS_QUOTED_FOR_TARGET_21)",
					"$(LIBRARY_SEARCH_PATHS_QUOTED_FOR_TARGET_22)",
					"$(LIBRARY_SEARCH_PATHS_QUOTED_FOR_TARGET_23)",
					"$(LIBRARY_SEARCH_PATHS_QUOTED_FOR_TARGET_24)",
					"$(LIBRARY_SEARCH_PATHS_QUOTED_FOR_TARGET_25)",
					"$(LIBRARY_SEARCH_PATHS_QUOTED_FOR_TARGET_26)",
					"$(LIBRARY_SEARCH_PATHS_QUOTED_FOR_TARGET_27)",
					"$(LIBRARY_SEARCH_PATHS_QUOTED_FOR_TARGET_28)",
					"$(LIBRARY_SEARCH_PATHS_QUOTED_FOR_TARGET_29)",
					"$(LIBRARY_SEARCH_PATHS_QUOTED_FOR_TARGET_30)",
					"$(LIBRARY_SEARCH_PATHS_QUOTED_FOR_TARGET_31)",
					"$(LIBRARY_SEARCH_PATHS_QUOTED_FOR_TARGET_32)",
					"$(LIBRARY_SEARCH_PATHS_QUOTED_FOR_TARGET_33)",
					"$(LIBRARY_SEARCH_PATHS_QUOTED_FOR_TARGET_34)",
					"$(LIBRARY_SEARCH_PATHS_QUOTED_FOR_TARGET_35)",
					"$(LIBRARY_SEARCH_PATHS_QUOTED_FOR_TARGET_36)",
					"$(LIBRARY_SEARCH_PATHS_QUOTED_FOR_TARGET_37)",
					"$(LIBRARY_SEARCH_PATHS_QUOTED_FOR_TARGET_38)",
					"$(LIBRARY_SEARCH_PATHS_QUOTED_FOR_TARGET_39)",
					"$(LIBRARY_SEARCH_PATHS_QUOTED_FOR_TARGET_40)",
					"$(LIBRARY_SEARCH_PATHS_QUOTED_FOR_TARGET_41)",
					"$(LIBRARY_SEARCH_PATHS_QUOTED_FOR_TARGET_42)",
					"$(LIBRARY_SEARCH_PATHS_QUOTED_FOR_TARGET_43)",
					"$(LIBRARY_SEARCH_PATHS_QUOTED_FOR_TARGET_44)",
					"$(LIBRARY_SEARCH_PATHS_QUOTED_FOR_TARGET_45)",
					"$(LIBRARY_SEARCH_PATHS_QUOTED_FOR_TARGET_46)",
					"$(LIBRARY_SEARCH_PATHS_QUOTED_FOR_TARGET_47)",
					"$(LIBRARY_SEARCH_PATHS_QUOTED_FOR_TARGET_48)",
					"$(LIBRARY_SEARCH_PATHS_QUOTED_FOR_TARGET_49)",
					"$(LIBRARY_SEARCH_PATHS_QUOTED_FOR_TARGET_50)",
					"$(LIBRARY_SEARCH_PATHS_QUOTED_FOR_TARGET_51)",
					"$(LIBRARY_SEARCH_PATHS_QUOTED_FOR_TARGET_52)",
				);
				PREBINDING = NO;
				PRODUCT_NAME = "$(TARGET_NAME)Debug";
				WRAPPER_EXTENSION = app;
			};
			name = Debug;
		};
		E4B69B610A3A1757003C02F2 /* Release */ = {
			isa = XCBuildConfiguration;
			buildSettings = {
				COPY_PHASE_STRIP = YES;
				FRAMEWORK_SEARCH_PATHS = (
					"$(inherited)",
					"$(FRAMEWORK_SEARCH_PATHS_QUOTED_FOR_TARGET_1)",
					"$(FRAMEWORK_SEARCH_PATHS_QUOTED_FOR_TARGET_2)",
				);
				FRAMEWORK_SEARCH_PATHS_QUOTED_FOR_TARGET_1 = "\"$(SRCROOT)/../../../libs/glut/lib/osx\"";
				FRAMEWORK_SEARCH_PATHS_QUOTED_FOR_TARGET_2 = "\"$(SRCROOT)/../../../addons/ofxSyphon/libs/Syphon/lib/osx\"";
				GCC_ENABLE_FIX_AND_CONTINUE = NO;
				GCC_GENERATE_DEBUGGING_SYMBOLS = YES;
				GCC_MODEL_TUNING = NONE;
				GCC_PRECOMPILE_PREFIX_HEADER = YES;
				GCC_PREFIX_HEADER = "$(SYSTEM_LIBRARY_DIR)/Frameworks/Carbon.framework/Headers/Carbon.h";
				INFOPLIST_FILE = "openFrameworks-Info.plist";
				INSTALL_PATH = "$(HOME)/Applications";
				LIBRARY_SEARCH_PATHS = (
					"$(inherited)",
					"$(LIBRARY_SEARCH_PATHS_QUOTED_FOR_TARGET_1)",
					"$(LIBRARY_SEARCH_PATHS_QUOTED_FOR_TARGET_2)",
					"$(LIBRARY_SEARCH_PATHS_QUOTED_FOR_TARGET_3)",
					"$(LIBRARY_SEARCH_PATHS_QUOTED_FOR_TARGET_4)",
					"$(LIBRARY_SEARCH_PATHS_QUOTED_FOR_TARGET_5)",
					"$(LIBRARY_SEARCH_PATHS_QUOTED_FOR_TARGET_6)",
					"$(LIBRARY_SEARCH_PATHS_QUOTED_FOR_TARGET_7)",
					"$(LIBRARY_SEARCH_PATHS_QUOTED_FOR_TARGET_8)",
					"$(LIBRARY_SEARCH_PATHS_QUOTED_FOR_TARGET_9)",
					"$(LIBRARY_SEARCH_PATHS_QUOTED_FOR_TARGET_10)",
					"$(LIBRARY_SEARCH_PATHS_QUOTED_FOR_TARGET_11)",
					"$(LIBRARY_SEARCH_PATHS_QUOTED_FOR_TARGET_12)",
					"$(LIBRARY_SEARCH_PATHS_QUOTED_FOR_TARGET_13)",
					"$(LIBRARY_SEARCH_PATHS_QUOTED_FOR_TARGET_14)",
					"$(LIBRARY_SEARCH_PATHS_QUOTED_FOR_TARGET_15)",
					"$(LIBRARY_SEARCH_PATHS_QUOTED_FOR_TARGET_2)",
					"$(LIBRARY_SEARCH_PATHS_QUOTED_1)",
					"$(LIBRARY_SEARCH_PATHS_QUOTED_FOR_TARGET_3)",
					"$(LIBRARY_SEARCH_PATHS_QUOTED_FOR_TARGET_7)",
					"$(LIBRARY_SEARCH_PATHS_QUOTED_FOR_TARGET_8)",
					"$(LIBRARY_SEARCH_PATHS_QUOTED_FOR_TARGET_9)",
					"$(LIBRARY_SEARCH_PATHS_QUOTED_FOR_TARGET_10)",
					"$(LIBRARY_SEARCH_PATHS_QUOTED_FOR_TARGET_11)",
					"$(LIBRARY_SEARCH_PATHS_QUOTED_FOR_TARGET_12)",
					"$(LIBRARY_SEARCH_PATHS_QUOTED_FOR_TARGET_13)",
					"$(LIBRARY_SEARCH_PATHS_QUOTED_FOR_TARGET_16)",
					"$(LIBRARY_SEARCH_PATHS_QUOTED_FOR_TARGET_17)",
					"$(LIBRARY_SEARCH_PATHS_QUOTED_FOR_TARGET_18)",
					"$(LIBRARY_SEARCH_PATHS_QUOTED_FOR_TARGET_19)",
					"$(LIBRARY_SEARCH_PATHS_QUOTED_FOR_TARGET_20)",
					"$(LIBRARY_SEARCH_PATHS_QUOTED_FOR_TARGET_21)",
					"$(LIBRARY_SEARCH_PATHS_QUOTED_FOR_TARGET_22)",
					"$(LIBRARY_SEARCH_PATHS_QUOTED_FOR_TARGET_23)",
					"$(LIBRARY_SEARCH_PATHS_QUOTED_FOR_TARGET_24)",
					"$(LIBRARY_SEARCH_PATHS_QUOTED_FOR_TARGET_25)",
					"$(LIBRARY_SEARCH_PATHS_QUOTED_FOR_TARGET_26)",
					"$(LIBRARY_SEARCH_PATHS_QUOTED_FOR_TARGET_27)",
					"$(LIBRARY_SEARCH_PATHS_QUOTED_FOR_TARGET_28)",
					"$(LIBRARY_SEARCH_PATHS_QUOTED_FOR_TARGET_29)",
					"$(LIBRARY_SEARCH_PATHS_QUOTED_FOR_TARGET_30)",
					"$(LIBRARY_SEARCH_PATHS_QUOTED_FOR_TARGET_31)",
					"$(LIBRARY_SEARCH_PATHS_QUOTED_FOR_TARGET_32)",
					"$(LIBRARY_SEARCH_PATHS_QUOTED_FOR_TARGET_33)",
					"$(LIBRARY_SEARCH_PATHS_QUOTED_FOR_TARGET_34)",
					"$(LIBRARY_SEARCH_PATHS_QUOTED_FOR_TARGET_35)",
					"$(LIBRARY_SEARCH_PATHS_QUOTED_FOR_TARGET_36)",
					"$(LIBRARY_SEARCH_PATHS_QUOTED_FOR_TARGET_37)",
					"$(LIBRARY_SEARCH_PATHS_QUOTED_FOR_TARGET_38)",
					"$(LIBRARY_SEARCH_PATHS_QUOTED_FOR_TARGET_39)",
					"$(LIBRARY_SEARCH_PATHS_QUOTED_FOR_TARGET_40)",
					"$(LIBRARY_SEARCH_PATHS_QUOTED_FOR_TARGET_41)",
					"$(LIBRARY_SEARCH_PATHS_QUOTED_FOR_TARGET_42)",
					"$(LIBRARY_SEARCH_PATHS_QUOTED_FOR_TARGET_43)",
					"$(LIBRARY_SEARCH_PATHS_QUOTED_FOR_TARGET_44)",
					"$(LIBRARY_SEARCH_PATHS_QUOTED_FOR_TARGET_45)",
					"$(LIBRARY_SEARCH_PATHS_QUOTED_FOR_TARGET_46)",
					"$(LIBRARY_SEARCH_PATHS_QUOTED_FOR_TARGET_47)",
					"$(LIBRARY_SEARCH_PATHS_QUOTED_FOR_TARGET_48)",
					"$(LIBRARY_SEARCH_PATHS_QUOTED_FOR_TARGET_49)",
					"$(LIBRARY_SEARCH_PATHS_QUOTED_FOR_TARGET_50)",
					"$(LIBRARY_SEARCH_PATHS_QUOTED_FOR_TARGET_51)",
				);
				PREBINDING = NO;
				PRODUCT_NAME = "$(TARGET_NAME)";
				WRAPPER_EXTENSION = app;
			};
			name = Release;
		};
/* End XCBuildConfiguration section */

/* Begin XCConfigurationList section */
		E4B69B4D0A3A1720003C02F2 /* Build configuration list for PBXProject "comaDisq" */ = {
			isa = XCConfigurationList;
			buildConfigurations = (
				E4B69B4E0A3A1720003C02F2 /* Debug */,
				E4B69B4F0A3A1720003C02F2 /* Release */,
			);
			defaultConfigurationIsVisible = 0;
			defaultConfigurationName = Release;
		};
		E4B69B5F0A3A1757003C02F2 /* Build configuration list for PBXNativeTarget "comaDisq" */ = {
			isa = XCConfigurationList;
			buildConfigurations = (
				E4B69B600A3A1757003C02F2 /* Debug */,
				E4B69B610A3A1757003C02F2 /* Release */,
			);
			defaultConfigurationIsVisible = 0;
			defaultConfigurationName = Release;
		};
/* End XCConfigurationList section */
	};
	rootObject = E4B69B4C0A3A1720003C02F2 /* Project object */;
}
